// !$*UTF8*$!
{
	archiveVersion = 1;
	classes = {
	};
	objectVersion = 46;
	objects = {

/* Begin PBXBuildFile section */
		3F21FFB9A74CB8BAC57F8103 /* Pods_FoursquareTop.framework in Frameworks */ = {isa = PBXBuildFile; fileRef = 7558D10968FE6BE3AE8367EF /* Pods_FoursquareTop.framework */; };
		C257C798DE60918C4CCE2290 /* Pods_FoursquareTopUITests.framework in Frameworks */ = {isa = PBXBuildFile; fileRef = F226C0B8E824E71223683834 /* Pods_FoursquareTopUITests.framework */; };
		D32BD4C31D73001B00397E39 /* Environment.swift in Sources */ = {isa = PBXBuildFile; fileRef = D32BD4C21D73001B00397E39 /* Environment.swift */; };
		D338EBB61D734A2B00EB2B53 /* VenueDetailCellProvider.swift in Sources */ = {isa = PBXBuildFile; fileRef = D338EBB51D734A2B00EB2B53 /* VenueDetailCellProvider.swift */; };
		D338EBB91D734A7A00EB2B53 /* VenueDetailGalleryCellProvider.swift in Sources */ = {isa = PBXBuildFile; fileRef = D338EBB81D734A7A00EB2B53 /* VenueDetailGalleryCellProvider.swift */; };
		D338EBBE1D734B3D00EB2B53 /* UICollectionView+Register.swift in Sources */ = {isa = PBXBuildFile; fileRef = D338EBBD1D734B3D00EB2B53 /* UICollectionView+Register.swift */; };
		D338EBC01D734BEB00EB2B53 /* VenueDetailActionsCellProvider.swift in Sources */ = {isa = PBXBuildFile; fileRef = D338EBBF1D734BEB00EB2B53 /* VenueDetailActionsCellProvider.swift */; };
		D338EBC21D734D1100EB2B53 /* VenueDetailInformationCellProvider.swift in Sources */ = {isa = PBXBuildFile; fileRef = D338EBC11D734D1100EB2B53 /* VenueDetailInformationCellProvider.swift */; };
		D338EBC41D734D6E00EB2B53 /* VenueDetailTipCellProvider.swift in Sources */ = {isa = PBXBuildFile; fileRef = D338EBC31D734D6E00EB2B53 /* VenueDetailTipCellProvider.swift */; };
		D338EBC71D73508F00EB2B53 /* MapSnapshotGenerator.swift in Sources */ = {isa = PBXBuildFile; fileRef = D338EBC61D73508F00EB2B53 /* MapSnapshotGenerator.swift */; };
		D338EBC91D73552A00EB2B53 /* AppDelegateForTests.swift in Sources */ = {isa = PBXBuildFile; fileRef = D338EBC81D73552A00EB2B53 /* AppDelegateForTests.swift */; };
		D338EBCD1D73571900EB2B53 /* BaseUITestCase.swift in Sources */ = {isa = PBXBuildFile; fileRef = D338EBCB1D73571600EB2B53 /* BaseUITestCase.swift */; };
		D338EBD11D7357B400EB2B53 /* TestingVenueServiceLocator.swift in Sources */ = {isa = PBXBuildFile; fileRef = D338EBCF1D7357B200EB2B53 /* TestingVenueServiceLocator.swift */; };
		D338EBDB1D7359A100EB2B53 /* StubVenueListNavigator.swift in Sources */ = {isa = PBXBuildFile; fileRef = D338EBD91D73592D00EB2B53 /* StubVenueListNavigator.swift */; };
		D338EBDD1D7359B100EB2B53 /* StubVenueDetailNavigator.swift in Sources */ = {isa = PBXBuildFile; fileRef = D338EBDC1D7359B100EB2B53 /* StubVenueDetailNavigator.swift */; };
		D338EBDF1D735DF400EB2B53 /* StubEnvironment.swift in Sources */ = {isa = PBXBuildFile; fileRef = D338EBDE1D735DF400EB2B53 /* StubEnvironment.swift */; };
		D338EBE11D735DFC00EB2B53 /* StubMapSnapshotGenerator.swift in Sources */ = {isa = PBXBuildFile; fileRef = D338EBE01D735DFC00EB2B53 /* StubMapSnapshotGenerator.swift */; };
		D338EBE31D735E9E00EB2B53 /* StubGetUserLocationUseCase.swift in Sources */ = {isa = PBXBuildFile; fileRef = D338EBE21D735E9E00EB2B53 /* StubGetUserLocationUseCase.swift */; };
		D338EBE51D735EFE00EB2B53 /* StubGetBestPlacesAroundYouUseCase.swift in Sources */ = {isa = PBXBuildFile; fileRef = D338EBE41D735EFE00EB2B53 /* StubGetBestPlacesAroundYouUseCase.swift */; };
		D338EBE71D735F3300EB2B53 /* StubGetVenueDetailsUseCase.swift in Sources */ = {isa = PBXBuildFile; fileRef = D338EBE61D735F3300EB2B53 /* StubGetVenueDetailsUseCase.swift */; };
		D35AFFF61D26AACF004E20EB /* VenueDetailActionsCollectionViewCell.swift in Sources */ = {isa = PBXBuildFile; fileRef = D35AFFF51D26AACF004E20EB /* VenueDetailActionsCollectionViewCell.swift */; };
		D35AFFF81D26AAE6004E20EB /* VenueDetailActionsCollectionViewCell.xib in Resources */ = {isa = PBXBuildFile; fileRef = D35AFFF71D26AAE6004E20EB /* VenueDetailActionsCollectionViewCell.xib */; };
		D35C012F1D7037F000D2F106 /* VenuePhraseViewModel.swift in Sources */ = {isa = PBXBuildFile; fileRef = D35C012E1D7037F000D2F106 /* VenuePhraseViewModel.swift */; };
		D36692DF1AD96DC400B25C55 /* Image.xcassets in Resources */ = {isa = PBXBuildFile; fileRef = D36692DE1AD96DC400B25C55 /* Image.xcassets */; };
		D36692E11AD96E8600B25C55 /* Icon.png in Resources */ = {isa = PBXBuildFile; fileRef = D36692E01AD96E8600B25C55 /* Icon.png */; };
		D369CE521D6FB184006E13C8 /* VenueDetailNavigator.swift in Sources */ = {isa = PBXBuildFile; fileRef = D369CE511D6FB184006E13C8 /* VenueDetailNavigator.swift */; };
		D3891C411D1E6E41001858C8 /* RootNavigator.swift in Sources */ = {isa = PBXBuildFile; fileRef = D3891C401D1E6E41001858C8 /* RootNavigator.swift */; };
		D3891C431D1E6E49001858C8 /* RootServiceLocator.swift in Sources */ = {isa = PBXBuildFile; fileRef = D3891C421D1E6E49001858C8 /* RootServiceLocator.swift */; };
		D3891C481D1E6FD1001858C8 /* AppDelegate.swift in Sources */ = {isa = PBXBuildFile; fileRef = D3891C471D1E6FD1001858C8 /* AppDelegate.swift */; };
		D3891C4B1D1E748A001858C8 /* ApplicationLifecycleTask.swift in Sources */ = {isa = PBXBuildFile; fileRef = D3891C4A1D1E748A001858C8 /* ApplicationLifecycleTask.swift */; };
		D3891C4E1D1E7525001858C8 /* FoursquareTopApplicationLifeCycleTasks.swift in Sources */ = {isa = PBXBuildFile; fileRef = D3891C4D1D1E7525001858C8 /* FoursquareTopApplicationLifeCycleTasks.swift */; };
		D3891C531D1E7A08001858C8 /* BestVenuesAroundYouViewController.swift in Sources */ = {isa = PBXBuildFile; fileRef = D3891C521D1E7A08001858C8 /* BestVenuesAroundYouViewController.swift */; };
		D3891C571D1E7A18001858C8 /* BestVenuesAroundYouUI.swift in Sources */ = {isa = PBXBuildFile; fileRef = D3891C561D1E7A18001858C8 /* BestVenuesAroundYouUI.swift */; };
		D3891C591D1E7A27001858C8 /* BestVenuesAroundYouPresenter.swift in Sources */ = {isa = PBXBuildFile; fileRef = D3891C581D1E7A27001858C8 /* BestVenuesAroundYouPresenter.swift */; };
		D3891C5D1D1E7B9A001858C8 /* VenueDataSource.swift in Sources */ = {isa = PBXBuildFile; fileRef = D3891C5C1D1E7B9A001858C8 /* VenueDataSource.swift */; };
		D3891C601D1E7E8C001858C8 /* VenueViewModel.swift in Sources */ = {isa = PBXBuildFile; fileRef = D3891C5F1D1E7E8C001858C8 /* VenueViewModel.swift */; };
		D3891C621D1FBE93001858C8 /* VenueListViewModel.swift in Sources */ = {isa = PBXBuildFile; fileRef = D3891C611D1FBE93001858C8 /* VenueListViewModel.swift */; };
		D3891C641D1FE993001858C8 /* VenueCategoryViewModel.swift in Sources */ = {isa = PBXBuildFile; fileRef = D3891C631D1FE993001858C8 /* VenueCategoryViewModel.swift */; };
		D3891C661D1FEA14001858C8 /* VenueTipViewModel.swift in Sources */ = {isa = PBXBuildFile; fileRef = D3891C651D1FEA14001858C8 /* VenueTipViewModel.swift */; };
		D3891C681D1FEA74001858C8 /* VenuePhotoViewModel.swift in Sources */ = {isa = PBXBuildFile; fileRef = D3891C671D1FEA74001858C8 /* VenuePhotoViewModel.swift */; };
		D3891C6B1D1FEAE3001858C8 /* VenueParser.swift in Sources */ = {isa = PBXBuildFile; fileRef = D3891C6A1D1FEAE3001858C8 /* VenueParser.swift */; };
		D3891C6E1D1FF494001858C8 /* FTViewController.swift in Sources */ = {isa = PBXBuildFile; fileRef = D3891C6D1D1FF494001858C8 /* FTViewController.swift */; };
		D3891C701D1FF4B1001858C8 /* BaseUI.swift in Sources */ = {isa = PBXBuildFile; fileRef = D3891C6F1D1FF4B1001858C8 /* BaseUI.swift */; };
		D3891C731D1FF4EC001858C8 /* Presenter.swift in Sources */ = {isa = PBXBuildFile; fileRef = D3891C721D1FF4EC001858C8 /* Presenter.swift */; };
		D3891C761D1FF56F001858C8 /* LoadingView.swift in Sources */ = {isa = PBXBuildFile; fileRef = D3891C751D1FF56F001858C8 /* LoadingView.swift */; };
		D3891C781D1FF57A001858C8 /* CustomView.swift in Sources */ = {isa = PBXBuildFile; fileRef = D3891C771D1FF57A001858C8 /* CustomView.swift */; };
		D3891C7B1D1FF591001858C8 /* NSBundle+Nib.swift in Sources */ = {isa = PBXBuildFile; fileRef = D3891C7A1D1FF591001858C8 /* NSBundle+Nib.swift */; };
		D3891C7D1D1FF5B7001858C8 /* LoadingView.xib in Resources */ = {isa = PBXBuildFile; fileRef = D3891C7C1D1FF5B7001858C8 /* LoadingView.xib */; };
		D3891C7F1D1FF5EB001858C8 /* ErrorView.swift in Sources */ = {isa = PBXBuildFile; fileRef = D3891C7E1D1FF5EB001858C8 /* ErrorView.swift */; };
		D3891C811D1FF609001858C8 /* ErrorView.xib in Resources */ = {isa = PBXBuildFile; fileRef = D3891C801D1FF609001858C8 /* ErrorView.xib */; };
		D395DB811D73614A00882A09 /* BaseUITestCase+Localized.swift in Sources */ = {isa = PBXBuildFile; fileRef = D395DB7F1D73614800882A09 /* BaseUITestCase+Localized.swift */; };
		D395DB861D73618300882A09 /* XCTestCase+KIF.swift in Sources */ = {isa = PBXBuildFile; fileRef = D395DB841D73618000882A09 /* XCTestCase+KIF.swift */; };
		D395DB871D73618500882A09 /* KifTestActor.swift in Sources */ = {isa = PBXBuildFile; fileRef = D395DB821D73616C00882A09 /* KifTestActor.swift */; };
		D3B828C71AD86F2300D60B6F /* LaunchScreen.xib in Resources */ = {isa = PBXBuildFile; fileRef = D3B828C51AD86F2300D60B6F /* LaunchScreen.xib */; };
		D3B829251AD86F8000D60B6F /* poweredByFoursquare_white.png in Resources */ = {isa = PBXBuildFile; fileRef = D3B829241AD86F8000D60B6F /* poweredByFoursquare_white.png */; };
		D3CE1A3F1D706ED1003A0FEF /* VenueDetailTipCollectionViewCell.swift in Sources */ = {isa = PBXBuildFile; fileRef = D3CE1A3E1D706ED1003A0FEF /* VenueDetailTipCollectionViewCell.swift */; };
		D3CE1A411D706ED9003A0FEF /* VenueDetailTipCollectionViewCell.xib in Resources */ = {isa = PBXBuildFile; fileRef = D3CE1A401D706ED9003A0FEF /* VenueDetailTipCollectionViewCell.xib */; };
		D3DA9DAA1D7328CA000A42E4 /* Localizable.strings in Resources */ = {isa = PBXBuildFile; fileRef = D3DA9DAC1D7328CA000A42E4 /* Localizable.strings */; };
		D3DA9DAF1D732C58000A42E4 /* colors.txt in Resources */ = {isa = PBXBuildFile; fileRef = D3DA9DAE1D732C58000A42E4 /* colors.txt */; };
		D3DA9DB51D732D2F000A42E4 /* Colors.swift in Sources */ = {isa = PBXBuildFile; fileRef = D3DA9DB11D732D2F000A42E4 /* Colors.swift */; };
		D3DA9DB61D732D2F000A42E4 /* Fonts.swift in Sources */ = {isa = PBXBuildFile; fileRef = D3DA9DB21D732D2F000A42E4 /* Fonts.swift */; };
		D3DA9DB71D732D2F000A42E4 /* Images.swift in Sources */ = {isa = PBXBuildFile; fileRef = D3DA9DB31D732D2F000A42E4 /* Images.swift */; };
		D3DA9DB81D732D2F000A42E4 /* Strings.swift in Sources */ = {isa = PBXBuildFile; fileRef = D3DA9DB41D732D2F000A42E4 /* Strings.swift */; };
		D3DA9DBE1D734172000A42E4 /* VenuePhotoViewerViewController.swift in Sources */ = {isa = PBXBuildFile; fileRef = D3DA9DBD1D734172000A42E4 /* VenuePhotoViewerViewController.swift */; };
		D3DA9DC11D7341E1000A42E4 /* VenuePhotoViewerPresenter.swift in Sources */ = {isa = PBXBuildFile; fileRef = D3DA9DC01D7341E1000A42E4 /* VenuePhotoViewerPresenter.swift */; };
		D3DBDE911D26B3C800C63D68 /* DetailCellType.swift in Sources */ = {isa = PBXBuildFile; fileRef = D3DBDE901D26B3C800C63D68 /* DetailCellType.swift */; };
		D3DBDE931D26B6FB00C63D68 /* VenueDetailInformationCollectionViewCell.swift in Sources */ = {isa = PBXBuildFile; fileRef = D3DBDE921D26B6FB00C63D68 /* VenueDetailInformationCollectionViewCell.swift */; };
		D3DBDE951D26B70300C63D68 /* VenueDetailInformationCollectionViewCell.xib in Resources */ = {isa = PBXBuildFile; fileRef = D3DBDE941D26B70300C63D68 /* VenueDetailInformationCollectionViewCell.xib */; };
		D3E156321D2429A1001FB5BE /* VenueCategoryCollectionViewCell.swift in Sources */ = {isa = PBXBuildFile; fileRef = D3E156311D2429A1001FB5BE /* VenueCategoryCollectionViewCell.swift */; };
		D3E156341D2429A9001FB5BE /* VenueCategoryCollectionViewCell.xib in Resources */ = {isa = PBXBuildFile; fileRef = D3E156331D2429A9001FB5BE /* VenueCategoryCollectionViewCell.xib */; };
		D3E1563E1D24300D001FB5BE /* UIFont+Ftop.swift in Sources */ = {isa = PBXBuildFile; fileRef = D3E1563D1D24300D001FB5BE /* UIFont+Ftop.swift */; };
		D3E156451D243273001FB5BE /* TopVenueCollectionViewCell.swift in Sources */ = {isa = PBXBuildFile; fileRef = D3E156441D243273001FB5BE /* TopVenueCollectionViewCell.swift */; };
		D3E156471D2436DF001FB5BE /* TopVenueCollectionViewCell.xib in Resources */ = {isa = PBXBuildFile; fileRef = D3E156461D2436DF001FB5BE /* TopVenueCollectionViewCell.xib */; };
		D3E156491D244042001FB5BE /* main.swift in Sources */ = {isa = PBXBuildFile; fileRef = D3E156481D244042001FB5BE /* main.swift */; };
		D3E97AAB1D246F7F00FE4297 /* BestVenuesAroundYouCollectionViewDataSource.swift in Sources */ = {isa = PBXBuildFile; fileRef = D3E97AAA1D246F7F00FE4297 /* BestVenuesAroundYouCollectionViewDataSource.swift */; };
		D3E97AAE1D24770600FE4297 /* UImage+Color.swift in Sources */ = {isa = PBXBuildFile; fileRef = D3E97AAD1D24770600FE4297 /* UImage+Color.swift */; };
		D3E97AD41D25CB9B00FE4297 /* VenueDetailViewController.swift in Sources */ = {isa = PBXBuildFile; fileRef = D3E97AD31D25CB9B00FE4297 /* VenueDetailViewController.swift */; };
		D3E97AD71D25CC3400FE4297 /* VenueDetailGalleryCollectionViewCell.swift in Sources */ = {isa = PBXBuildFile; fileRef = D3E97AD61D25CC3400FE4297 /* VenueDetailGalleryCollectionViewCell.swift */; };
		D3E97AD91D25CC3A00FE4297 /* VenueDetailGalleryCollectionViewCell.xib in Resources */ = {isa = PBXBuildFile; fileRef = D3E97AD81D25CC3A00FE4297 /* VenueDetailGalleryCollectionViewCell.xib */; };
		D3E97ADB1D25D23F00FE4297 /* VenueDetailUI.swift in Sources */ = {isa = PBXBuildFile; fileRef = D3E97ADA1D25D23F00FE4297 /* VenueDetailUI.swift */; };
		D3E97ADD1D25D27200FE4297 /* VenueDetailPresenter.swift in Sources */ = {isa = PBXBuildFile; fileRef = D3E97ADC1D25D27200FE4297 /* VenueDetailPresenter.swift */; };
		D3E97ADF1D25D3EC00FE4297 /* VenueDetailCollectionViewDataSource.swift in Sources */ = {isa = PBXBuildFile; fileRef = D3E97ADE1D25D3EC00FE4297 /* VenueDetailCollectionViewDataSource.swift */; };
		D3E97AE11D25D73900FE4297 /* VenueNavigator.swift in Sources */ = {isa = PBXBuildFile; fileRef = D3E97AE01D25D73900FE4297 /* VenueNavigator.swift */; };
		D3E97AE31D25D78200FE4297 /* VenueServiceLocator.swift in Sources */ = {isa = PBXBuildFile; fileRef = D3E97AE21D25D78200FE4297 /* VenueServiceLocator.swift */; };
		D3E97AE61D25DA5900FE4297 /* GetBestPlacesAroundYou.swift in Sources */ = {isa = PBXBuildFile; fileRef = D3E97AE51D25DA5900FE4297 /* GetBestPlacesAroundYou.swift */; };
		D3E97AE91D25DB4700FE4297 /* GetVenueDetails.swift in Sources */ = {isa = PBXBuildFile; fileRef = D3E97AE81D25DB4700FE4297 /* GetVenueDetails.swift */; };
		D3F363B11D71EE1500D5288B /* GetUserLocationUseCase.swift in Sources */ = {isa = PBXBuildFile; fileRef = D3F363B01D71EE1500D5288B /* GetUserLocationUseCase.swift */; };
		D3F363B41D71F0C300D5288B /* GPS.swift in Sources */ = {isa = PBXBuildFile; fileRef = D3F363B31D71F0C300D5288B /* GPS.swift */; };
		D3F363B61D71F0CA00D5288B /* LocationRepository.swift in Sources */ = {isa = PBXBuildFile; fileRef = D3F363B51D71F0CA00D5288B /* LocationRepository.swift */; };
		D3F363B81D71F0E000D5288B /* IntuLocationManagerGPS.swift in Sources */ = {isa = PBXBuildFile; fileRef = D3F363B71D71F0E000D5288B /* IntuLocationManagerGPS.swift */; };
		D3F363BA1D72436C00D5288B /* VenueDetailTitleView.swift in Sources */ = {isa = PBXBuildFile; fileRef = D3F363B91D72436C00D5288B /* VenueDetailTitleView.swift */; };
		D3F363BC1D72437100D5288B /* VenueDetailTitleView.xib in Resources */ = {isa = PBXBuildFile; fileRef = D3F363BB1D72437100D5288B /* VenueDetailTitleView.xib */; };
		D3F363BE1D7255B500D5288B /* VenueDetailPageViewController.swift in Sources */ = {isa = PBXBuildFile; fileRef = D3F363BD1D7255B500D5288B /* VenueDetailPageViewController.swift */; };
		D3F363C01D72561A00D5288B /* VenueDetailPageViewControllerDataSource.swift in Sources */ = {isa = PBXBuildFile; fileRef = D3F363BF1D72561A00D5288B /* VenueDetailPageViewControllerDataSource.swift */; };
		D3F363C21D72565F00D5288B /* VenueDetailViewControllerProvider.swift in Sources */ = {isa = PBXBuildFile; fileRef = D3F363C11D72565F00D5288B /* VenueDetailViewControllerProvider.swift */; };
		D3F363C41D7257E200D5288B /* Array+SafeAccess.swift in Sources */ = {isa = PBXBuildFile; fileRef = D3F363C31D7257E200D5288B /* Array+SafeAccess.swift */; };
/* End PBXBuildFile section */

/* Begin PBXContainerItemProxy section */
		D3B828CD1AD86F2300D60B6F /* PBXContainerItemProxy */ = {
			isa = PBXContainerItemProxy;
			containerPortal = D3B828AB1AD86F2300D60B6F /* Project object */;
			proxyType = 1;
			remoteGlobalIDString = D3B828B21AD86F2300D60B6F;
			remoteInfo = FoursquareTop;
		};
/* End PBXContainerItemProxy section */

/* Begin PBXFileReference section */
		1A6515A136A33C1C084D5FAD /* Pods-FoursquareTop.release.xcconfig */ = {isa = PBXFileReference; includeInIndex = 1; lastKnownFileType = text.xcconfig; name = "Pods-FoursquareTop.release.xcconfig"; path = "Pods/Target Support Files/Pods-FoursquareTop/Pods-FoursquareTop.release.xcconfig"; sourceTree = "<group>"; };
		465E128467B92594FDED88B0 /* Pods-FoursquareTopUITests.release.xcconfig */ = {isa = PBXFileReference; includeInIndex = 1; lastKnownFileType = text.xcconfig; name = "Pods-FoursquareTopUITests.release.xcconfig"; path = "Pods/Target Support Files/Pods-FoursquareTopUITests/Pods-FoursquareTopUITests.release.xcconfig"; sourceTree = "<group>"; };
		7558D10968FE6BE3AE8367EF /* Pods_FoursquareTop.framework */ = {isa = PBXFileReference; explicitFileType = wrapper.framework; includeInIndex = 0; path = Pods_FoursquareTop.framework; sourceTree = BUILT_PRODUCTS_DIR; };
		8ECBF7D2AF1D6AD1177114F5 /* Pods-FoursquareTop.debug.xcconfig */ = {isa = PBXFileReference; includeInIndex = 1; lastKnownFileType = text.xcconfig; name = "Pods-FoursquareTop.debug.xcconfig"; path = "Pods/Target Support Files/Pods-FoursquareTop/Pods-FoursquareTop.debug.xcconfig"; sourceTree = "<group>"; };
		A2EB3C2091C3EE0EB8BE088B /* Pods-FoursquareTopUITests.debug.xcconfig */ = {isa = PBXFileReference; includeInIndex = 1; lastKnownFileType = text.xcconfig; name = "Pods-FoursquareTopUITests.debug.xcconfig"; path = "Pods/Target Support Files/Pods-FoursquareTopUITests/Pods-FoursquareTopUITests.debug.xcconfig"; sourceTree = "<group>"; };
		D32BD4C21D73001B00397E39 /* Environment.swift */ = {isa = PBXFileReference; fileEncoding = 4; lastKnownFileType = sourcecode.swift; path = Environment.swift; sourceTree = "<group>"; };
		D338EBB51D734A2B00EB2B53 /* VenueDetailCellProvider.swift */ = {isa = PBXFileReference; fileEncoding = 4; lastKnownFileType = sourcecode.swift; path = VenueDetailCellProvider.swift; sourceTree = "<group>"; };
		D338EBB81D734A7A00EB2B53 /* VenueDetailGalleryCellProvider.swift */ = {isa = PBXFileReference; fileEncoding = 4; lastKnownFileType = sourcecode.swift; path = VenueDetailGalleryCellProvider.swift; sourceTree = "<group>"; };
		D338EBBD1D734B3D00EB2B53 /* UICollectionView+Register.swift */ = {isa = PBXFileReference; fileEncoding = 4; lastKnownFileType = sourcecode.swift; path = "UICollectionView+Register.swift"; sourceTree = "<group>"; };
		D338EBBF1D734BEB00EB2B53 /* VenueDetailActionsCellProvider.swift */ = {isa = PBXFileReference; fileEncoding = 4; lastKnownFileType = sourcecode.swift; path = VenueDetailActionsCellProvider.swift; sourceTree = "<group>"; };
		D338EBC11D734D1100EB2B53 /* VenueDetailInformationCellProvider.swift */ = {isa = PBXFileReference; fileEncoding = 4; lastKnownFileType = sourcecode.swift; path = VenueDetailInformationCellProvider.swift; sourceTree = "<group>"; };
		D338EBC31D734D6E00EB2B53 /* VenueDetailTipCellProvider.swift */ = {isa = PBXFileReference; fileEncoding = 4; lastKnownFileType = sourcecode.swift; path = VenueDetailTipCellProvider.swift; sourceTree = "<group>"; };
		D338EBC61D73508F00EB2B53 /* MapSnapshotGenerator.swift */ = {isa = PBXFileReference; fileEncoding = 4; lastKnownFileType = sourcecode.swift; path = MapSnapshotGenerator.swift; sourceTree = "<group>"; };
		D338EBC81D73552A00EB2B53 /* AppDelegateForTests.swift */ = {isa = PBXFileReference; fileEncoding = 4; lastKnownFileType = sourcecode.swift; path = AppDelegateForTests.swift; sourceTree = "<group>"; };
		D338EBCB1D73571600EB2B53 /* BaseUITestCase.swift */ = {isa = PBXFileReference; fileEncoding = 4; lastKnownFileType = sourcecode.swift; path = BaseUITestCase.swift; sourceTree = "<group>"; };
		D338EBCF1D7357B200EB2B53 /* TestingVenueServiceLocator.swift */ = {isa = PBXFileReference; fileEncoding = 4; lastKnownFileType = sourcecode.swift; path = TestingVenueServiceLocator.swift; sourceTree = "<group>"; };
		D338EBD91D73592D00EB2B53 /* StubVenueListNavigator.swift */ = {isa = PBXFileReference; fileEncoding = 4; lastKnownFileType = sourcecode.swift; path = StubVenueListNavigator.swift; sourceTree = "<group>"; };
		D338EBDC1D7359B100EB2B53 /* StubVenueDetailNavigator.swift */ = {isa = PBXFileReference; fileEncoding = 4; lastKnownFileType = sourcecode.swift; path = StubVenueDetailNavigator.swift; sourceTree = "<group>"; };
		D338EBDE1D735DF400EB2B53 /* StubEnvironment.swift */ = {isa = PBXFileReference; fileEncoding = 4; lastKnownFileType = sourcecode.swift; path = StubEnvironment.swift; sourceTree = "<group>"; };
		D338EBE01D735DFC00EB2B53 /* StubMapSnapshotGenerator.swift */ = {isa = PBXFileReference; fileEncoding = 4; lastKnownFileType = sourcecode.swift; path = StubMapSnapshotGenerator.swift; sourceTree = "<group>"; };
		D338EBE21D735E9E00EB2B53 /* StubGetUserLocationUseCase.swift */ = {isa = PBXFileReference; fileEncoding = 4; lastKnownFileType = sourcecode.swift; path = StubGetUserLocationUseCase.swift; sourceTree = "<group>"; };
		D338EBE41D735EFE00EB2B53 /* StubGetBestPlacesAroundYouUseCase.swift */ = {isa = PBXFileReference; fileEncoding = 4; lastKnownFileType = sourcecode.swift; path = StubGetBestPlacesAroundYouUseCase.swift; sourceTree = "<group>"; };
		D338EBE61D735F3300EB2B53 /* StubGetVenueDetailsUseCase.swift */ = {isa = PBXFileReference; fileEncoding = 4; lastKnownFileType = sourcecode.swift; path = StubGetVenueDetailsUseCase.swift; sourceTree = "<group>"; };
		D35AFFF51D26AACF004E20EB /* VenueDetailActionsCollectionViewCell.swift */ = {isa = PBXFileReference; fileEncoding = 4; lastKnownFileType = sourcecode.swift; path = VenueDetailActionsCollectionViewCell.swift; sourceTree = "<group>"; };
		D35AFFF71D26AAE6004E20EB /* VenueDetailActionsCollectionViewCell.xib */ = {isa = PBXFileReference; fileEncoding = 4; lastKnownFileType = file.xib; path = VenueDetailActionsCollectionViewCell.xib; sourceTree = "<group>"; };
		D35C012E1D7037F000D2F106 /* VenuePhraseViewModel.swift */ = {isa = PBXFileReference; fileEncoding = 4; lastKnownFileType = sourcecode.swift; path = VenuePhraseViewModel.swift; sourceTree = "<group>"; };
		D36692DE1AD96DC400B25C55 /* Image.xcassets */ = {isa = PBXFileReference; lastKnownFileType = folder.assetcatalog; path = Image.xcassets; sourceTree = "<group>"; };
		D36692E01AD96E8600B25C55 /* Icon.png */ = {isa = PBXFileReference; lastKnownFileType = image.png; path = Icon.png; sourceTree = "<group>"; };
		D369CE511D6FB184006E13C8 /* VenueDetailNavigator.swift */ = {isa = PBXFileReference; fileEncoding = 4; lastKnownFileType = sourcecode.swift; path = VenueDetailNavigator.swift; sourceTree = "<group>"; };
		D3891C3F1D1E6E40001858C8 /* FoursquareTop-Bridging-Header.h */ = {isa = PBXFileReference; lastKnownFileType = sourcecode.c.h; path = "FoursquareTop-Bridging-Header.h"; sourceTree = "<group>"; };
		D3891C401D1E6E41001858C8 /* RootNavigator.swift */ = {isa = PBXFileReference; fileEncoding = 4; lastKnownFileType = sourcecode.swift; path = RootNavigator.swift; sourceTree = "<group>"; };
		D3891C421D1E6E49001858C8 /* RootServiceLocator.swift */ = {isa = PBXFileReference; fileEncoding = 4; lastKnownFileType = sourcecode.swift; path = RootServiceLocator.swift; sourceTree = "<group>"; };
		D3891C471D1E6FD1001858C8 /* AppDelegate.swift */ = {isa = PBXFileReference; fileEncoding = 4; lastKnownFileType = sourcecode.swift; path = AppDelegate.swift; sourceTree = "<group>"; };
		D3891C4A1D1E748A001858C8 /* ApplicationLifecycleTask.swift */ = {isa = PBXFileReference; fileEncoding = 4; lastKnownFileType = sourcecode.swift; path = ApplicationLifecycleTask.swift; sourceTree = "<group>"; };
		D3891C4D1D1E7525001858C8 /* FoursquareTopApplicationLifeCycleTasks.swift */ = {isa = PBXFileReference; fileEncoding = 4; lastKnownFileType = sourcecode.swift; path = FoursquareTopApplicationLifeCycleTasks.swift; sourceTree = "<group>"; };
		D3891C521D1E7A08001858C8 /* BestVenuesAroundYouViewController.swift */ = {isa = PBXFileReference; fileEncoding = 4; lastKnownFileType = sourcecode.swift; path = BestVenuesAroundYouViewController.swift; sourceTree = "<group>"; };
		D3891C561D1E7A18001858C8 /* BestVenuesAroundYouUI.swift */ = {isa = PBXFileReference; fileEncoding = 4; lastKnownFileType = sourcecode.swift; path = BestVenuesAroundYouUI.swift; sourceTree = "<group>"; };
		D3891C581D1E7A27001858C8 /* BestVenuesAroundYouPresenter.swift */ = {isa = PBXFileReference; fileEncoding = 4; lastKnownFileType = sourcecode.swift; path = BestVenuesAroundYouPresenter.swift; sourceTree = "<group>"; };
		D3891C5C1D1E7B9A001858C8 /* VenueDataSource.swift */ = {isa = PBXFileReference; fileEncoding = 4; lastKnownFileType = sourcecode.swift; path = VenueDataSource.swift; sourceTree = "<group>"; };
		D3891C5F1D1E7E8C001858C8 /* VenueViewModel.swift */ = {isa = PBXFileReference; fileEncoding = 4; lastKnownFileType = sourcecode.swift; path = VenueViewModel.swift; sourceTree = "<group>"; };
		D3891C611D1FBE93001858C8 /* VenueListViewModel.swift */ = {isa = PBXFileReference; fileEncoding = 4; lastKnownFileType = sourcecode.swift; path = VenueListViewModel.swift; sourceTree = "<group>"; };
		D3891C631D1FE993001858C8 /* VenueCategoryViewModel.swift */ = {isa = PBXFileReference; fileEncoding = 4; lastKnownFileType = sourcecode.swift; path = VenueCategoryViewModel.swift; sourceTree = "<group>"; };
		D3891C651D1FEA14001858C8 /* VenueTipViewModel.swift */ = {isa = PBXFileReference; fileEncoding = 4; lastKnownFileType = sourcecode.swift; path = VenueTipViewModel.swift; sourceTree = "<group>"; };
		D3891C671D1FEA74001858C8 /* VenuePhotoViewModel.swift */ = {isa = PBXFileReference; fileEncoding = 4; lastKnownFileType = sourcecode.swift; path = VenuePhotoViewModel.swift; sourceTree = "<group>"; };
		D3891C6A1D1FEAE3001858C8 /* VenueParser.swift */ = {isa = PBXFileReference; fileEncoding = 4; lastKnownFileType = sourcecode.swift; path = VenueParser.swift; sourceTree = "<group>"; };
		D3891C6D1D1FF494001858C8 /* FTViewController.swift */ = {isa = PBXFileReference; fileEncoding = 4; lastKnownFileType = sourcecode.swift; path = FTViewController.swift; sourceTree = "<group>"; };
		D3891C6F1D1FF4B1001858C8 /* BaseUI.swift */ = {isa = PBXFileReference; fileEncoding = 4; lastKnownFileType = sourcecode.swift; path = BaseUI.swift; sourceTree = "<group>"; };
		D3891C721D1FF4EC001858C8 /* Presenter.swift */ = {isa = PBXFileReference; fileEncoding = 4; lastKnownFileType = sourcecode.swift; path = Presenter.swift; sourceTree = "<group>"; };
		D3891C751D1FF56F001858C8 /* LoadingView.swift */ = {isa = PBXFileReference; fileEncoding = 4; lastKnownFileType = sourcecode.swift; path = LoadingView.swift; sourceTree = "<group>"; };
		D3891C771D1FF57A001858C8 /* CustomView.swift */ = {isa = PBXFileReference; fileEncoding = 4; lastKnownFileType = sourcecode.swift; path = CustomView.swift; sourceTree = "<group>"; };
		D3891C7A1D1FF591001858C8 /* NSBundle+Nib.swift */ = {isa = PBXFileReference; fileEncoding = 4; lastKnownFileType = sourcecode.swift; path = "NSBundle+Nib.swift"; sourceTree = "<group>"; };
		D3891C7C1D1FF5B7001858C8 /* LoadingView.xib */ = {isa = PBXFileReference; fileEncoding = 4; lastKnownFileType = file.xib; path = LoadingView.xib; sourceTree = "<group>"; };
		D3891C7E1D1FF5EB001858C8 /* ErrorView.swift */ = {isa = PBXFileReference; fileEncoding = 4; lastKnownFileType = sourcecode.swift; path = ErrorView.swift; sourceTree = "<group>"; };
		D3891C801D1FF609001858C8 /* ErrorView.xib */ = {isa = PBXFileReference; fileEncoding = 4; lastKnownFileType = file.xib; path = ErrorView.xib; sourceTree = "<group>"; };
		D395DB7F1D73614800882A09 /* BaseUITestCase+Localized.swift */ = {isa = PBXFileReference; fileEncoding = 4; lastKnownFileType = sourcecode.swift; path = "BaseUITestCase+Localized.swift"; sourceTree = "<group>"; };
		D395DB821D73616C00882A09 /* KifTestActor.swift */ = {isa = PBXFileReference; fileEncoding = 4; lastKnownFileType = sourcecode.swift; path = KifTestActor.swift; sourceTree = "<group>"; };
		D395DB841D73618000882A09 /* XCTestCase+KIF.swift */ = {isa = PBXFileReference; fileEncoding = 4; lastKnownFileType = sourcecode.swift; path = "XCTestCase+KIF.swift"; sourceTree = "<group>"; };
		D3B828B31AD86F2300D60B6F /* FoursquareTop.app */ = {isa = PBXFileReference; explicitFileType = wrapper.application; includeInIndex = 0; path = FoursquareTop.app; sourceTree = BUILT_PRODUCTS_DIR; };
		D3B828B71AD86F2300D60B6F /* Info.plist */ = {isa = PBXFileReference; lastKnownFileType = text.plist.xml; path = Info.plist; sourceTree = "<group>"; };
		D3B828C61AD86F2300D60B6F /* Base */ = {isa = PBXFileReference; lastKnownFileType = file.xib; name = Base; path = Base.lproj/LaunchScreen.xib; sourceTree = "<group>"; };
		D3B828CC1AD86F2300D60B6F /* FoursquareTopUITests.xctest */ = {isa = PBXFileReference; explicitFileType = wrapper.cfbundle; includeInIndex = 0; path = FoursquareTopUITests.xctest; sourceTree = BUILT_PRODUCTS_DIR; };
		D3B828D11AD86F2300D60B6F /* Info.plist */ = {isa = PBXFileReference; lastKnownFileType = text.plist.xml; path = Info.plist; sourceTree = "<group>"; };
		D3B829241AD86F8000D60B6F /* poweredByFoursquare_white.png */ = {isa = PBXFileReference; lastKnownFileType = image.png; path = poweredByFoursquare_white.png; sourceTree = "<group>"; };
		D3CE1A3E1D706ED1003A0FEF /* VenueDetailTipCollectionViewCell.swift */ = {isa = PBXFileReference; fileEncoding = 4; lastKnownFileType = sourcecode.swift; path = VenueDetailTipCollectionViewCell.swift; sourceTree = "<group>"; };
		D3CE1A401D706ED9003A0FEF /* VenueDetailTipCollectionViewCell.xib */ = {isa = PBXFileReference; fileEncoding = 4; lastKnownFileType = file.xib; path = VenueDetailTipCollectionViewCell.xib; sourceTree = "<group>"; };
		D3DA9DAB1D7328CA000A42E4 /* Base */ = {isa = PBXFileReference; lastKnownFileType = text.plist.strings; name = Base; path = Base.lproj/Localizable.strings; sourceTree = "<group>"; };
		D3DA9DAD1D7328CB000A42E4 /* en */ = {isa = PBXFileReference; lastKnownFileType = text.plist.strings; name = en; path = en.lproj/Localizable.strings; sourceTree = "<group>"; };
		D3DA9DAE1D732C58000A42E4 /* colors.txt */ = {isa = PBXFileReference; fileEncoding = 4; lastKnownFileType = text; path = colors.txt; sourceTree = "<group>"; };
		D3DA9DB11D732D2F000A42E4 /* Colors.swift */ = {isa = PBXFileReference; fileEncoding = 4; lastKnownFileType = sourcecode.swift; name = Colors.swift; path = Constants/Colors.swift; sourceTree = "<group>"; };
		D3DA9DB21D732D2F000A42E4 /* Fonts.swift */ = {isa = PBXFileReference; fileEncoding = 4; lastKnownFileType = sourcecode.swift; name = Fonts.swift; path = Constants/Fonts.swift; sourceTree = "<group>"; };
		D3DA9DB31D732D2F000A42E4 /* Images.swift */ = {isa = PBXFileReference; fileEncoding = 4; lastKnownFileType = sourcecode.swift; name = Images.swift; path = Constants/Images.swift; sourceTree = "<group>"; };
		D3DA9DB41D732D2F000A42E4 /* Strings.swift */ = {isa = PBXFileReference; fileEncoding = 4; lastKnownFileType = sourcecode.swift; name = Strings.swift; path = Constants/Strings.swift; sourceTree = "<group>"; };
		D3DA9DB91D733088000A42E4 /* es */ = {isa = PBXFileReference; lastKnownFileType = text.plist.strings; name = es; path = es.lproj/LaunchScreen.strings; sourceTree = "<group>"; };
		D3DA9DBA1D733088000A42E4 /* es */ = {isa = PBXFileReference; lastKnownFileType = text.plist.strings; name = es; path = es.lproj/Localizable.strings; sourceTree = "<group>"; };
		D3DA9DBD1D734172000A42E4 /* VenuePhotoViewerViewController.swift */ = {isa = PBXFileReference; fileEncoding = 4; lastKnownFileType = sourcecode.swift; path = VenuePhotoViewerViewController.swift; sourceTree = "<group>"; };
		D3DA9DC01D7341E1000A42E4 /* VenuePhotoViewerPresenter.swift */ = {isa = PBXFileReference; fileEncoding = 4; lastKnownFileType = sourcecode.swift; path = VenuePhotoViewerPresenter.swift; sourceTree = "<group>"; };
		D3DBDE901D26B3C800C63D68 /* DetailCellType.swift */ = {isa = PBXFileReference; fileEncoding = 4; lastKnownFileType = sourcecode.swift; path = DetailCellType.swift; sourceTree = "<group>"; };
		D3DBDE921D26B6FB00C63D68 /* VenueDetailInformationCollectionViewCell.swift */ = {isa = PBXFileReference; fileEncoding = 4; lastKnownFileType = sourcecode.swift; path = VenueDetailInformationCollectionViewCell.swift; sourceTree = "<group>"; };
		D3DBDE941D26B70300C63D68 /* VenueDetailInformationCollectionViewCell.xib */ = {isa = PBXFileReference; fileEncoding = 4; lastKnownFileType = file.xib; path = VenueDetailInformationCollectionViewCell.xib; sourceTree = "<group>"; };
		D3E156311D2429A1001FB5BE /* VenueCategoryCollectionViewCell.swift */ = {isa = PBXFileReference; fileEncoding = 4; lastKnownFileType = sourcecode.swift; path = VenueCategoryCollectionViewCell.swift; sourceTree = "<group>"; };
		D3E156331D2429A9001FB5BE /* VenueCategoryCollectionViewCell.xib */ = {isa = PBXFileReference; fileEncoding = 4; lastKnownFileType = file.xib; path = VenueCategoryCollectionViewCell.xib; sourceTree = "<group>"; };
		D3E1563D1D24300D001FB5BE /* UIFont+Ftop.swift */ = {isa = PBXFileReference; fileEncoding = 4; lastKnownFileType = sourcecode.swift; path = "UIFont+Ftop.swift"; sourceTree = "<group>"; };
		D3E156441D243273001FB5BE /* TopVenueCollectionViewCell.swift */ = {isa = PBXFileReference; fileEncoding = 4; lastKnownFileType = sourcecode.swift; path = TopVenueCollectionViewCell.swift; sourceTree = "<group>"; };
		D3E156461D2436DF001FB5BE /* TopVenueCollectionViewCell.xib */ = {isa = PBXFileReference; fileEncoding = 4; lastKnownFileType = file.xib; path = TopVenueCollectionViewCell.xib; sourceTree = "<group>"; };
		D3E156481D244042001FB5BE /* main.swift */ = {isa = PBXFileReference; fileEncoding = 4; lastKnownFileType = sourcecode.swift; path = main.swift; sourceTree = "<group>"; };
		D3E97AAA1D246F7F00FE4297 /* BestVenuesAroundYouCollectionViewDataSource.swift */ = {isa = PBXFileReference; fileEncoding = 4; lastKnownFileType = sourcecode.swift; path = BestVenuesAroundYouCollectionViewDataSource.swift; sourceTree = "<group>"; };
		D3E97AAD1D24770600FE4297 /* UImage+Color.swift */ = {isa = PBXFileReference; fileEncoding = 4; lastKnownFileType = sourcecode.swift; path = "UImage+Color.swift"; sourceTree = "<group>"; };
		D3E97AD31D25CB9B00FE4297 /* VenueDetailViewController.swift */ = {isa = PBXFileReference; fileEncoding = 4; lastKnownFileType = sourcecode.swift; path = VenueDetailViewController.swift; sourceTree = "<group>"; };
		D3E97AD61D25CC3400FE4297 /* VenueDetailGalleryCollectionViewCell.swift */ = {isa = PBXFileReference; fileEncoding = 4; lastKnownFileType = sourcecode.swift; path = VenueDetailGalleryCollectionViewCell.swift; sourceTree = "<group>"; };
		D3E97AD81D25CC3A00FE4297 /* VenueDetailGalleryCollectionViewCell.xib */ = {isa = PBXFileReference; fileEncoding = 4; lastKnownFileType = file.xib; path = VenueDetailGalleryCollectionViewCell.xib; sourceTree = "<group>"; };
		D3E97ADA1D25D23F00FE4297 /* VenueDetailUI.swift */ = {isa = PBXFileReference; fileEncoding = 4; lastKnownFileType = sourcecode.swift; path = VenueDetailUI.swift; sourceTree = "<group>"; };
		D3E97ADC1D25D27200FE4297 /* VenueDetailPresenter.swift */ = {isa = PBXFileReference; fileEncoding = 4; lastKnownFileType = sourcecode.swift; path = VenueDetailPresenter.swift; sourceTree = "<group>"; };
		D3E97ADE1D25D3EC00FE4297 /* VenueDetailCollectionViewDataSource.swift */ = {isa = PBXFileReference; fileEncoding = 4; lastKnownFileType = sourcecode.swift; path = VenueDetailCollectionViewDataSource.swift; sourceTree = "<group>"; };
		D3E97AE01D25D73900FE4297 /* VenueNavigator.swift */ = {isa = PBXFileReference; fileEncoding = 4; lastKnownFileType = sourcecode.swift; path = VenueNavigator.swift; sourceTree = "<group>"; };
		D3E97AE21D25D78200FE4297 /* VenueServiceLocator.swift */ = {isa = PBXFileReference; fileEncoding = 4; lastKnownFileType = sourcecode.swift; path = VenueServiceLocator.swift; sourceTree = "<group>"; };
		D3E97AE51D25DA5900FE4297 /* GetBestPlacesAroundYou.swift */ = {isa = PBXFileReference; fileEncoding = 4; lastKnownFileType = sourcecode.swift; path = GetBestPlacesAroundYou.swift; sourceTree = "<group>"; };
		D3E97AE81D25DB4700FE4297 /* GetVenueDetails.swift */ = {isa = PBXFileReference; fileEncoding = 4; lastKnownFileType = sourcecode.swift; path = GetVenueDetails.swift; sourceTree = "<group>"; };
		D3F363B01D71EE1500D5288B /* GetUserLocationUseCase.swift */ = {isa = PBXFileReference; fileEncoding = 4; lastKnownFileType = sourcecode.swift; path = GetUserLocationUseCase.swift; sourceTree = "<group>"; };
		D3F363B31D71F0C300D5288B /* GPS.swift */ = {isa = PBXFileReference; fileEncoding = 4; lastKnownFileType = sourcecode.swift; path = GPS.swift; sourceTree = "<group>"; };
		D3F363B51D71F0CA00D5288B /* LocationRepository.swift */ = {isa = PBXFileReference; fileEncoding = 4; lastKnownFileType = sourcecode.swift; path = LocationRepository.swift; sourceTree = "<group>"; };
		D3F363B71D71F0E000D5288B /* IntuLocationManagerGPS.swift */ = {isa = PBXFileReference; fileEncoding = 4; lastKnownFileType = sourcecode.swift; path = IntuLocationManagerGPS.swift; sourceTree = "<group>"; };
		D3F363B91D72436C00D5288B /* VenueDetailTitleView.swift */ = {isa = PBXFileReference; fileEncoding = 4; lastKnownFileType = sourcecode.swift; path = VenueDetailTitleView.swift; sourceTree = "<group>"; };
		D3F363BB1D72437100D5288B /* VenueDetailTitleView.xib */ = {isa = PBXFileReference; fileEncoding = 4; lastKnownFileType = file.xib; path = VenueDetailTitleView.xib; sourceTree = "<group>"; };
		D3F363BD1D7255B500D5288B /* VenueDetailPageViewController.swift */ = {isa = PBXFileReference; fileEncoding = 4; lastKnownFileType = sourcecode.swift; path = VenueDetailPageViewController.swift; sourceTree = "<group>"; };
		D3F363BF1D72561A00D5288B /* VenueDetailPageViewControllerDataSource.swift */ = {isa = PBXFileReference; fileEncoding = 4; lastKnownFileType = sourcecode.swift; path = VenueDetailPageViewControllerDataSource.swift; sourceTree = "<group>"; };
		D3F363C11D72565F00D5288B /* VenueDetailViewControllerProvider.swift */ = {isa = PBXFileReference; fileEncoding = 4; lastKnownFileType = sourcecode.swift; path = VenueDetailViewControllerProvider.swift; sourceTree = "<group>"; };
		D3F363C31D7257E200D5288B /* Array+SafeAccess.swift */ = {isa = PBXFileReference; fileEncoding = 4; lastKnownFileType = sourcecode.swift; path = "Array+SafeAccess.swift"; sourceTree = "<group>"; };
		F226C0B8E824E71223683834 /* Pods_FoursquareTopUITests.framework */ = {isa = PBXFileReference; explicitFileType = wrapper.framework; includeInIndex = 0; path = Pods_FoursquareTopUITests.framework; sourceTree = BUILT_PRODUCTS_DIR; };
/* End PBXFileReference section */

/* Begin PBXFrameworksBuildPhase section */
		D3B828B01AD86F2300D60B6F /* Frameworks */ = {
			isa = PBXFrameworksBuildPhase;
			buildActionMask = 2147483647;
			files = (
				3F21FFB9A74CB8BAC57F8103 /* Pods_FoursquareTop.framework in Frameworks */,
			);
			runOnlyForDeploymentPostprocessing = 0;
		};
		D3B828C91AD86F2300D60B6F /* Frameworks */ = {
			isa = PBXFrameworksBuildPhase;
			buildActionMask = 2147483647;
			files = (
				C257C798DE60918C4CCE2290 /* Pods_FoursquareTopUITests.framework in Frameworks */,
			);
			runOnlyForDeploymentPostprocessing = 0;
		};
/* End PBXFrameworksBuildPhase section */

/* Begin PBXGroup section */
		6AC53E7FC022CBE064F03EE1 /* Pods */ = {
			isa = PBXGroup;
			children = (
				8ECBF7D2AF1D6AD1177114F5 /* Pods-FoursquareTop.debug.xcconfig */,
				1A6515A136A33C1C084D5FAD /* Pods-FoursquareTop.release.xcconfig */,
				A2EB3C2091C3EE0EB8BE088B /* Pods-FoursquareTopUITests.debug.xcconfig */,
				465E128467B92594FDED88B0 /* Pods-FoursquareTopUITests.release.xcconfig */,
			);
			name = Pods;
			sourceTree = "<group>";
		};
		A07F1F7E2A931F5AF9122D67 /* Frameworks */ = {
			isa = PBXGroup;
			children = (
				7558D10968FE6BE3AE8367EF /* Pods_FoursquareTop.framework */,
				F226C0B8E824E71223683834 /* Pods_FoursquareTopUITests.framework */,
			);
			name = Frameworks;
			sourceTree = "<group>";
		};
		D32BD4C11D72FFA700397E39 /* Environment */ = {
			isa = PBXGroup;
			children = (
				D32BD4C21D73001B00397E39 /* Environment.swift */,
			);
			name = Environment;
			sourceTree = "<group>";
		};
		D338EBB41D734A2000EB2B53 /* Cell Provider */ = {
			isa = PBXGroup;
			children = (
				D338EBB71D734A6500EB2B53 /* Protocol */,
				D338EBB81D734A7A00EB2B53 /* VenueDetailGalleryCellProvider.swift */,
				D338EBBF1D734BEB00EB2B53 /* VenueDetailActionsCellProvider.swift */,
				D338EBC11D734D1100EB2B53 /* VenueDetailInformationCellProvider.swift */,
				D338EBC31D734D6E00EB2B53 /* VenueDetailTipCellProvider.swift */,
			);
			name = "Cell Provider";
			sourceTree = "<group>";
		};
		D338EBB71D734A6500EB2B53 /* Protocol */ = {
			isa = PBXGroup;
			children = (
				D338EBB51D734A2B00EB2B53 /* VenueDetailCellProvider.swift */,
			);
			name = Protocol;
			sourceTree = "<group>";
		};
		D338EBBA1D734AA700EB2B53 /* Title */ = {
			isa = PBXGroup;
			children = (
				D3F363B91D72436C00D5288B /* VenueDetailTitleView.swift */,
				D3F363BB1D72437100D5288B /* VenueDetailTitleView.xib */,
			);
			name = Title;
			sourceTree = "<group>";
		};
		D338EBBB1D734AAE00EB2B53 /* Pager */ = {
			isa = PBXGroup;
			children = (
				D3F363C11D72565F00D5288B /* VenueDetailViewControllerProvider.swift */,
				D3F363BD1D7255B500D5288B /* VenueDetailPageViewController.swift */,
				D3F363BF1D72561A00D5288B /* VenueDetailPageViewControllerDataSource.swift */,
			);
			name = Pager;
			sourceTree = "<group>";
		};
		D338EBBC1D734AC000EB2B53 /* Collection View */ = {
			isa = PBXGroup;
			children = (
				D338EBB41D734A2000EB2B53 /* Cell Provider */,
				D3E97AD51D25CC1700FE4297 /* Cell */,
				D3E97ADE1D25D3EC00FE4297 /* VenueDetailCollectionViewDataSource.swift */,
			);
			name = "Collection View";
			sourceTree = "<group>";
		};
		D338EBC51D73508200EB2B53 /* Map Snapshot Generator */ = {
			isa = PBXGroup;
			children = (
				D338EBC61D73508F00EB2B53 /* MapSnapshotGenerator.swift */,
			);
			name = "Map Snapshot Generator";
			sourceTree = "<group>";
		};
		D338EBCA1D73570500EB2B53 /* Base */ = {
			isa = PBXGroup;
			children = (
				D338EBCB1D73571600EB2B53 /* BaseUITestCase.swift */,
				D395DB7F1D73614800882A09 /* BaseUITestCase+Localized.swift */,
				D395DB821D73616C00882A09 /* KifTestActor.swift */,
				D395DB841D73618000882A09 /* XCTestCase+KIF.swift */,
			);
			name = Base;
			sourceTree = "<group>";
		};
		D338EBCE1D73579F00EB2B53 /* Test Doubles */ = {
			isa = PBXGroup;
			children = (
				D338EBD61D73591A00EB2B53 /* Library */,
				D338EBD51D73590800EB2B53 /* Venue */,
			);
			name = "Test Doubles";
			sourceTree = "<group>";
		};
		D338EBD21D7358FF00EB2B53 /* Service Locator */ = {
			isa = PBXGroup;
			children = (
				D338EBCF1D7357B200EB2B53 /* TestingVenueServiceLocator.swift */,
			);
			name = "Service Locator";
			sourceTree = "<group>";
		};
		D338EBD41D73590500EB2B53 /* Use Case */ = {
			isa = PBXGroup;
			children = (
				D338EBE21D735E9E00EB2B53 /* StubGetUserLocationUseCase.swift */,
				D338EBE61D735F3300EB2B53 /* StubGetVenueDetailsUseCase.swift */,
				D338EBE41D735EFE00EB2B53 /* StubGetBestPlacesAroundYouUseCase.swift */,
			);
			name = "Use Case";
			sourceTree = "<group>";
		};
		D338EBD51D73590800EB2B53 /* Venue */ = {
			isa = PBXGroup;
			children = (
				D338EBD81D73592600EB2B53 /* Navigator */,
				D338EBD41D73590500EB2B53 /* Use Case */,
				D338EBD21D7358FF00EB2B53 /* Service Locator */,
			);
			name = Venue;
			sourceTree = "<group>";
		};
		D338EBD61D73591A00EB2B53 /* Library */ = {
			isa = PBXGroup;
			children = (
				D338EBDE1D735DF400EB2B53 /* StubEnvironment.swift */,
				D338EBE01D735DFC00EB2B53 /* StubMapSnapshotGenerator.swift */,
			);
			name = Library;
			sourceTree = "<group>";
		};
		D338EBD81D73592600EB2B53 /* Navigator */ = {
			isa = PBXGroup;
			children = (
				D338EBD91D73592D00EB2B53 /* StubVenueListNavigator.swift */,
				D338EBDC1D7359B100EB2B53 /* StubVenueDetailNavigator.swift */,
			);
			name = Navigator;
			sourceTree = "<group>";
		};
		D369CE4F1D6FB174006E13C8 /* Navigator */ = {
			isa = PBXGroup;
			children = (
				D3E97AE01D25D73900FE4297 /* VenueNavigator.swift */,
			);
			name = Navigator;
			sourceTree = "<group>";
		};
		D369CE501D6FB17B006E13C8 /* Navigator */ = {
			isa = PBXGroup;
			children = (
				D369CE511D6FB184006E13C8 /* VenueDetailNavigator.swift */,
			);
			name = Navigator;
			sourceTree = "<group>";
		};
		D3891C3E1D1E6E33001858C8 /* Library */ = {
			isa = PBXGroup;
			children = (
				D3891C491D1E7478001858C8 /* Application Lifecycle Task */,
				D3DA9DB01D732D22000A42E4 /* Constants (Autogenerated) */,
				D3891C5B1D1E7B8F001858C8 /* DataSource */,
				D32BD4C11D72FFA700397E39 /* Environment */,
				D3891C791D1FF58B001858C8 /* Extension */,
				D3F363B21D71F0B700D5288B /* Location */,
				D3891C441D1E6FA7001858C8 /* Navigator */,
				D3891C711D1FF4E1001858C8 /* Presenter */,
				D3891C451D1E6FB1001858C8 /* ServiceLocator */,
				D3891C741D1FF562001858C8 /* View */,
				D3891C6C1D1FF48A001858C8 /* ViewController */,
				D3891C5E1D1E7E81001858C8 /* ViewModel */,
			);
			name = Library;
			sourceTree = "<group>";
		};
		D3891C441D1E6FA7001858C8 /* Navigator */ = {
			isa = PBXGroup;
			children = (
				D3891C401D1E6E41001858C8 /* RootNavigator.swift */,
			);
			name = Navigator;
			sourceTree = "<group>";
		};
		D3891C451D1E6FB1001858C8 /* ServiceLocator */ = {
			isa = PBXGroup;
			children = (
				D3891C421D1E6E49001858C8 /* RootServiceLocator.swift */,
				D3E97AE21D25D78200FE4297 /* VenueServiceLocator.swift */,
			);
			name = ServiceLocator;
			sourceTree = "<group>";
		};
		D3891C461D1E6FB9001858C8 /* Screens */ = {
			isa = PBXGroup;
			children = (
				D3DA9DBB1D734137000A42E4 /* Photo Detail */,
				D3891C501D1E79F0001858C8 /* Venue Detail */,
				D3891C4F1D1E79EB001858C8 /* Best Venues Around */,
			);
			name = Screens;
			sourceTree = "<group>";
		};
		D3891C491D1E7478001858C8 /* Application Lifecycle Task */ = {
			isa = PBXGroup;
			children = (
				D3891C4C1D1E7511001858C8 /* Protocol */,
				D3891C4D1D1E7525001858C8 /* FoursquareTopApplicationLifeCycleTasks.swift */,
			);
			name = "Application Lifecycle Task";
			sourceTree = "<group>";
		};
		D3891C4C1D1E7511001858C8 /* Protocol */ = {
			isa = PBXGroup;
			children = (
				D3891C4A1D1E748A001858C8 /* ApplicationLifecycleTask.swift */,
			);
			name = Protocol;
			sourceTree = "<group>";
		};
		D3891C4F1D1E79EB001858C8 /* Best Venues Around */ = {
			isa = PBXGroup;
			children = (
				D369CE4F1D6FB174006E13C8 /* Navigator */,
				D3E97AE41D25DA4A00FE4297 /* Use Case */,
				D3891C551D1E7A0C001858C8 /* Presenter */,
				D3891C541D1E7A0A001858C8 /* View */,
			);
			name = "Best Venues Around";
			sourceTree = "<group>";
		};
		D3891C501D1E79F0001858C8 /* Venue Detail */ = {
			isa = PBXGroup;
			children = (
				D369CE501D6FB17B006E13C8 /* Navigator */,
				D3E97AE71D25DB3D00FE4297 /* Use Case */,
				D3E97AD21D25CB7300FE4297 /* Presenter */,
				D3E97AD11D25CB7100FE4297 /* View */,
			);
			name = "Venue Detail";
			sourceTree = "<group>";
		};
		D3891C541D1E7A0A001858C8 /* View */ = {
			isa = PBXGroup;
			children = (
				D3E97AAC1D246FE300FE4297 /* Cell */,
				D3891C521D1E7A08001858C8 /* BestVenuesAroundYouViewController.swift */,
				D3891C561D1E7A18001858C8 /* BestVenuesAroundYouUI.swift */,
				D3E97AAA1D246F7F00FE4297 /* BestVenuesAroundYouCollectionViewDataSource.swift */,
			);
			name = View;
			sourceTree = "<group>";
		};
		D3891C551D1E7A0C001858C8 /* Presenter */ = {
			isa = PBXGroup;
			children = (
				D3891C581D1E7A27001858C8 /* BestVenuesAroundYouPresenter.swift */,
			);
			name = Presenter;
			sourceTree = "<group>";
		};
		D3891C5B1D1E7B8F001858C8 /* DataSource */ = {
			isa = PBXGroup;
			children = (
				D3891C5C1D1E7B9A001858C8 /* VenueDataSource.swift */,
				D3891C6A1D1FEAE3001858C8 /* VenueParser.swift */,
			);
			name = DataSource;
			sourceTree = "<group>";
		};
		D3891C5E1D1E7E81001858C8 /* ViewModel */ = {
			isa = PBXGroup;
			children = (
				D3891C5F1D1E7E8C001858C8 /* VenueViewModel.swift */,
				D3891C611D1FBE93001858C8 /* VenueListViewModel.swift */,
				D3891C631D1FE993001858C8 /* VenueCategoryViewModel.swift */,
				D3891C651D1FEA14001858C8 /* VenueTipViewModel.swift */,
				D3891C671D1FEA74001858C8 /* VenuePhotoViewModel.swift */,
				D35C012E1D7037F000D2F106 /* VenuePhraseViewModel.swift */,
			);
			name = ViewModel;
			sourceTree = "<group>";
		};
		D3891C6C1D1FF48A001858C8 /* ViewController */ = {
			isa = PBXGroup;
			children = (
				D3891C6D1D1FF494001858C8 /* FTViewController.swift */,
				D3891C6F1D1FF4B1001858C8 /* BaseUI.swift */,
			);
			name = ViewController;
			sourceTree = "<group>";
		};
		D3891C711D1FF4E1001858C8 /* Presenter */ = {
			isa = PBXGroup;
			children = (
				D3891C721D1FF4EC001858C8 /* Presenter.swift */,
			);
			name = Presenter;
			sourceTree = "<group>";
		};
		D3891C741D1FF562001858C8 /* View */ = {
			isa = PBXGroup;
			children = (
				D338EBC51D73508200EB2B53 /* Map Snapshot Generator */,
				D3891C751D1FF56F001858C8 /* LoadingView.swift */,
				D3891C7C1D1FF5B7001858C8 /* LoadingView.xib */,
				D3891C771D1FF57A001858C8 /* CustomView.swift */,
				D3891C7E1D1FF5EB001858C8 /* ErrorView.swift */,
				D3891C801D1FF609001858C8 /* ErrorView.xib */,
			);
			name = View;
			sourceTree = "<group>";
		};
		D3891C791D1FF58B001858C8 /* Extension */ = {
			isa = PBXGroup;
			children = (
				D3891C7A1D1FF591001858C8 /* NSBundle+Nib.swift */,
				D3E1563D1D24300D001FB5BE /* UIFont+Ftop.swift */,
				D3E97AAD1D24770600FE4297 /* UImage+Color.swift */,
				D3F363C31D7257E200D5288B /* Array+SafeAccess.swift */,
				D338EBBD1D734B3D00EB2B53 /* UICollectionView+Register.swift */,
			);
			name = Extension;
			sourceTree = "<group>";
		};
		D3B828AA1AD86F2300D60B6F = {
			isa = PBXGroup;
			children = (
				D3B828B51AD86F2300D60B6F /* FoursquareTop */,
				D3B828CF1AD86F2300D60B6F /* FoursquareTopUITests */,
				D3B828B41AD86F2300D60B6F /* Products */,
				6AC53E7FC022CBE064F03EE1 /* Pods */,
				A07F1F7E2A931F5AF9122D67 /* Frameworks */,
			);
			sourceTree = "<group>";
		};
		D3B828B41AD86F2300D60B6F /* Products */ = {
			isa = PBXGroup;
			children = (
				D3B828B31AD86F2300D60B6F /* FoursquareTop.app */,
				D3B828CC1AD86F2300D60B6F /* FoursquareTopUITests.xctest */,
			);
			name = Products;
			sourceTree = "<group>";
		};
		D3B828B51AD86F2300D60B6F /* FoursquareTop */ = {
			isa = PBXGroup;
			children = (
				D3891C461D1E6FB9001858C8 /* Screens */,
				D3891C3E1D1E6E33001858C8 /* Library */,
				D3891C471D1E6FD1001858C8 /* AppDelegate.swift */,
				D338EBC81D73552A00EB2B53 /* AppDelegateForTests.swift */,
				D3B828C51AD86F2300D60B6F /* LaunchScreen.xib */,
				D3B828B61AD86F2300D60B6F /* Supporting Files */,
				D36692DE1AD96DC400B25C55 /* Image.xcassets */,
			);
			path = FoursquareTop;
			sourceTree = "<group>";
		};
		D3B828B61AD86F2300D60B6F /* Supporting Files */ = {
			isa = PBXGroup;
			children = (
				D3891C3F1D1E6E40001858C8 /* FoursquareTop-Bridging-Header.h */,
				D36692E01AD96E8600B25C55 /* Icon.png */,
				D3B829241AD86F8000D60B6F /* poweredByFoursquare_white.png */,
				D3B828B71AD86F2300D60B6F /* Info.plist */,
				D3E156481D244042001FB5BE /* main.swift */,
				D3DA9DAC1D7328CA000A42E4 /* Localizable.strings */,
				D3DA9DAE1D732C58000A42E4 /* colors.txt */,
			);
			name = "Supporting Files";
			sourceTree = "<group>";
		};
		D3B828CF1AD86F2300D60B6F /* FoursquareTopUITests */ = {
			isa = PBXGroup;
			children = (
				D338EBCE1D73579F00EB2B53 /* Test Doubles */,
				D338EBCA1D73570500EB2B53 /* Base */,
				D3B828D01AD86F2300D60B6F /* Supporting Files */,
			);
			name = FoursquareTopUITests;
			path = FoursquareTopTests;
			sourceTree = "<group>";
		};
		D3B828D01AD86F2300D60B6F /* Supporting Files */ = {
			isa = PBXGroup;
			children = (
				D3B828D11AD86F2300D60B6F /* Info.plist */,
			);
			name = "Supporting Files";
			sourceTree = "<group>";
		};
		D3DA9DB01D732D22000A42E4 /* Constants (Autogenerated) */ = {
			isa = PBXGroup;
			children = (
				D3DA9DB11D732D2F000A42E4 /* Colors.swift */,
				D3DA9DB21D732D2F000A42E4 /* Fonts.swift */,
				D3DA9DB31D732D2F000A42E4 /* Images.swift */,
				D3DA9DB41D732D2F000A42E4 /* Strings.swift */,
			);
			name = "Constants (Autogenerated)";
			sourceTree = "<group>";
		};
		D3DA9DBB1D734137000A42E4 /* Photo Detail */ = {
			isa = PBXGroup;
			children = (
				D3DA9DBF1D7341BC000A42E4 /* Presenter */,
				D3DA9DBC1D73415F000A42E4 /* View */,
			);
			name = "Photo Detail";
			sourceTree = "<group>";
		};
		D3DA9DBC1D73415F000A42E4 /* View */ = {
			isa = PBXGroup;
			children = (
				D3DA9DBD1D734172000A42E4 /* VenuePhotoViewerViewController.swift */,
			);
			name = View;
			sourceTree = "<group>";
		};
		D3DA9DBF1D7341BC000A42E4 /* Presenter */ = {
			isa = PBXGroup;
			children = (
				D3DA9DC01D7341E1000A42E4 /* VenuePhotoViewerPresenter.swift */,
			);
			name = Presenter;
			sourceTree = "<group>";
		};
		D3E156301D242984001FB5BE /* Category */ = {
			isa = PBXGroup;
			children = (
				D3E156311D2429A1001FB5BE /* VenueCategoryCollectionViewCell.swift */,
				D3E156331D2429A9001FB5BE /* VenueCategoryCollectionViewCell.xib */,
			);
			name = Category;
			sourceTree = "<group>";
		};
		D3E156431D243269001FB5BE /* Top Venue */ = {
			isa = PBXGroup;
			children = (
				D3E156441D243273001FB5BE /* TopVenueCollectionViewCell.swift */,
				D3E156461D2436DF001FB5BE /* TopVenueCollectionViewCell.xib */,
			);
			name = "Top Venue";
			sourceTree = "<group>";
		};
		D3E97AAC1D246FE300FE4297 /* Cell */ = {
			isa = PBXGroup;
			children = (
				D3E156431D243269001FB5BE /* Top Venue */,
				D3E156301D242984001FB5BE /* Category */,
			);
			name = Cell;
			sourceTree = "<group>";
		};
		D3E97AD11D25CB7100FE4297 /* View */ = {
			isa = PBXGroup;
			children = (
				D338EBBC1D734AC000EB2B53 /* Collection View */,
				D338EBBB1D734AAE00EB2B53 /* Pager */,
				D338EBBA1D734AA700EB2B53 /* Title */,
				D3E97AD31D25CB9B00FE4297 /* VenueDetailViewController.swift */,
				D3E97ADA1D25D23F00FE4297 /* VenueDetailUI.swift */,
			);
			name = View;
			sourceTree = "<group>";
		};
		D3E97AD21D25CB7300FE4297 /* Presenter */ = {
			isa = PBXGroup;
			children = (
				D3E97ADC1D25D27200FE4297 /* VenueDetailPresenter.swift */,
			);
			name = Presenter;
			sourceTree = "<group>";
		};
		D3E97AD51D25CC1700FE4297 /* Cell */ = {
			isa = PBXGroup;
			children = (
				D3DBDE901D26B3C800C63D68 /* DetailCellType.swift */,
				D3E97AD61D25CC3400FE4297 /* VenueDetailGalleryCollectionViewCell.swift */,
				D3E97AD81D25CC3A00FE4297 /* VenueDetailGalleryCollectionViewCell.xib */,
				D35AFFF51D26AACF004E20EB /* VenueDetailActionsCollectionViewCell.swift */,
				D35AFFF71D26AAE6004E20EB /* VenueDetailActionsCollectionViewCell.xib */,
				D3DBDE921D26B6FB00C63D68 /* VenueDetailInformationCollectionViewCell.swift */,
				D3DBDE941D26B70300C63D68 /* VenueDetailInformationCollectionViewCell.xib */,
				D3CE1A3E1D706ED1003A0FEF /* VenueDetailTipCollectionViewCell.swift */,
				D3CE1A401D706ED9003A0FEF /* VenueDetailTipCollectionViewCell.xib */,
			);
			name = Cell;
			sourceTree = "<group>";
		};
		D3E97AE41D25DA4A00FE4297 /* Use Case */ = {
			isa = PBXGroup;
			children = (
				D3E97AE51D25DA5900FE4297 /* GetBestPlacesAroundYou.swift */,
				D3F363B01D71EE1500D5288B /* GetUserLocationUseCase.swift */,
			);
			name = "Use Case";
			sourceTree = "<group>";
		};
		D3E97AE71D25DB3D00FE4297 /* Use Case */ = {
			isa = PBXGroup;
			children = (
				D3E97AE81D25DB4700FE4297 /* GetVenueDetails.swift */,
			);
			name = "Use Case";
			sourceTree = "<group>";
		};
		D3F363B21D71F0B700D5288B /* Location */ = {
			isa = PBXGroup;
			children = (
				D3F363B31D71F0C300D5288B /* GPS.swift */,
				D3F363B51D71F0CA00D5288B /* LocationRepository.swift */,
				D3F363B71D71F0E000D5288B /* IntuLocationManagerGPS.swift */,
			);
			name = Location;
			sourceTree = "<group>";
		};
/* End PBXGroup section */

/* Begin PBXNativeTarget section */
		D3B828B21AD86F2300D60B6F /* FoursquareTop */ = {
			isa = PBXNativeTarget;
			buildConfigurationList = D3B828D61AD86F2300D60B6F /* Build configuration list for PBXNativeTarget "FoursquareTop" */;
			buildPhases = (
				A4DF2242BCBA8683CDC70591 /* [CP] Check Pods Manifest.lock */,
				D32BD4C81D73277E00397E39 /* [SwiftGen] Build resources */,
				D3B828AF1AD86F2300D60B6F /* Sources */,
				D3B828B01AD86F2300D60B6F /* Frameworks */,
				D3B828B11AD86F2300D60B6F /* Resources */,
				2CF21AB7F1D99AEE2F6DDE39 /* [CP] Embed Pods Frameworks */,
				F6EAB9CD18594AD430A765BB /* [CP] Copy Pods Resources */,
			);
			buildRules = (
			);
			dependencies = (
			);
			name = FoursquareTop;
			productName = FoursquareTop;
			productReference = D3B828B31AD86F2300D60B6F /* FoursquareTop.app */;
			productType = "com.apple.product-type.application";
		};
		D3B828CB1AD86F2300D60B6F /* FoursquareTopUITests */ = {
			isa = PBXNativeTarget;
			buildConfigurationList = D3B828D91AD86F2300D60B6F /* Build configuration list for PBXNativeTarget "FoursquareTopUITests" */;
			buildPhases = (
				3424018E0552AAC9EE586941 /* [CP] Check Pods Manifest.lock */,
				D3B828C81AD86F2300D60B6F /* Sources */,
				D3B828C91AD86F2300D60B6F /* Frameworks */,
				D3B828CA1AD86F2300D60B6F /* Resources */,
				F33F0CC5B1B63A6185C435EA /* [CP] Embed Pods Frameworks */,
				651E1965E9804EB688AC0A4E /* [CP] Copy Pods Resources */,
			);
			buildRules = (
			);
			dependencies = (
				D3B828CE1AD86F2300D60B6F /* PBXTargetDependency */,
			);
			name = FoursquareTopUITests;
			productName = FoursquareTopTests;
			productReference = D3B828CC1AD86F2300D60B6F /* FoursquareTopUITests.xctest */;
			productType = "com.apple.product-type.bundle.unit-test";
		};
/* End PBXNativeTarget section */

/* Begin PBXProject section */
		D3B828AB1AD86F2300D60B6F /* Project object */ = {
			isa = PBXProject;
			attributes = {
				LastSwiftUpdateCheck = 0730;
				LastUpgradeCheck = 0730;
				ORGANIZATIONNAME = Karumi;
				TargetAttributes = {
					D3B828B21AD86F2300D60B6F = {
						CreatedOnToolsVersion = 6.3;
					};
					D3B828CB1AD86F2300D60B6F = {
						CreatedOnToolsVersion = 6.3;
						TestTargetID = D3B828B21AD86F2300D60B6F;
					};
				};
			};
			buildConfigurationList = D3B828AE1AD86F2300D60B6F /* Build configuration list for PBXProject "FoursquareTop" */;
			compatibilityVersion = "Xcode 3.2";
			developmentRegion = English;
			hasScannedForEncodings = 0;
			knownRegions = (
				en,
				Base,
				es,
			);
			mainGroup = D3B828AA1AD86F2300D60B6F;
			productRefGroup = D3B828B41AD86F2300D60B6F /* Products */;
			projectDirPath = "";
			projectRoot = "";
			targets = (
				D3B828B21AD86F2300D60B6F /* FoursquareTop */,
				D3B828CB1AD86F2300D60B6F /* FoursquareTopUITests */,
			);
		};
/* End PBXProject section */

/* Begin PBXResourcesBuildPhase section */
		D3B828B11AD86F2300D60B6F /* Resources */ = {
			isa = PBXResourcesBuildPhase;
			buildActionMask = 2147483647;
			files = (
				D3DBDE951D26B70300C63D68 /* VenueDetailInformationCollectionViewCell.xib in Resources */,
				D36692E11AD96E8600B25C55 /* Icon.png in Resources */,
				D3E156471D2436DF001FB5BE /* TopVenueCollectionViewCell.xib in Resources */,
				D3B829251AD86F8000D60B6F /* poweredByFoursquare_white.png in Resources */,
				D3891C811D1FF609001858C8 /* ErrorView.xib in Resources */,
				D35AFFF81D26AAE6004E20EB /* VenueDetailActionsCollectionViewCell.xib in Resources */,
				D3E97AD91D25CC3A00FE4297 /* VenueDetailGalleryCollectionViewCell.xib in Resources */,
				D3F363BC1D72437100D5288B /* VenueDetailTitleView.xib in Resources */,
				D3E156341D2429A9001FB5BE /* VenueCategoryCollectionViewCell.xib in Resources */,
				D3DA9DAF1D732C58000A42E4 /* colors.txt in Resources */,
				D3DA9DAA1D7328CA000A42E4 /* Localizable.strings in Resources */,
				D36692DF1AD96DC400B25C55 /* Image.xcassets in Resources */,
				D3891C7D1D1FF5B7001858C8 /* LoadingView.xib in Resources */,
				D3B828C71AD86F2300D60B6F /* LaunchScreen.xib in Resources */,
				D3CE1A411D706ED9003A0FEF /* VenueDetailTipCollectionViewCell.xib in Resources */,
			);
			runOnlyForDeploymentPostprocessing = 0;
		};
		D3B828CA1AD86F2300D60B6F /* Resources */ = {
			isa = PBXResourcesBuildPhase;
			buildActionMask = 2147483647;
			files = (
			);
			runOnlyForDeploymentPostprocessing = 0;
		};
/* End PBXResourcesBuildPhase section */

/* Begin PBXShellScriptBuildPhase section */
		2CF21AB7F1D99AEE2F6DDE39 /* [CP] Embed Pods Frameworks */ = {
			isa = PBXShellScriptBuildPhase;
			buildActionMask = 2147483647;
			files = (
			);
			inputPaths = (
			);
			name = "[CP] Embed Pods Frameworks";
			outputPaths = (
			);
			runOnlyForDeploymentPostprocessing = 0;
			shellPath = /bin/sh;
			shellScript = "\"${SRCROOT}/Pods/Target Support Files/Pods-FoursquareTop/Pods-FoursquareTop-frameworks.sh\"\n";
			showEnvVarsInLog = 0;
		};
		3424018E0552AAC9EE586941 /* [CP] Check Pods Manifest.lock */ = {
			isa = PBXShellScriptBuildPhase;
			buildActionMask = 2147483647;
			files = (
			);
			inputPaths = (
			);
			name = "[CP] Check Pods Manifest.lock";
			outputPaths = (
			);
			runOnlyForDeploymentPostprocessing = 0;
			shellPath = /bin/sh;
			shellScript = "diff \"${PODS_ROOT}/../Podfile.lock\" \"${PODS_ROOT}/Manifest.lock\" > /dev/null\nif [[ $? != 0 ]] ; then\n    cat << EOM\nerror: The sandbox is not in sync with the Podfile.lock. Run 'pod install' or update your CocoaPods installation.\nEOM\n    exit 1\nfi\n";
			showEnvVarsInLog = 0;
		};
		651E1965E9804EB688AC0A4E /* [CP] Copy Pods Resources */ = {
			isa = PBXShellScriptBuildPhase;
			buildActionMask = 2147483647;
			files = (
			);
			inputPaths = (
			);
			name = "[CP] Copy Pods Resources";
			outputPaths = (
			);
			runOnlyForDeploymentPostprocessing = 0;
			shellPath = /bin/sh;
			shellScript = "\"${SRCROOT}/Pods/Target Support Files/Pods-FoursquareTopUITests/Pods-FoursquareTopUITests-resources.sh\"\n";
			showEnvVarsInLog = 0;
		};
		A4DF2242BCBA8683CDC70591 /* [CP] Check Pods Manifest.lock */ = {
			isa = PBXShellScriptBuildPhase;
			buildActionMask = 2147483647;
			files = (
			);
			inputPaths = (
			);
			name = "[CP] Check Pods Manifest.lock";
			outputPaths = (
			);
			runOnlyForDeploymentPostprocessing = 0;
			shellPath = /bin/sh;
			shellScript = "diff \"${PODS_ROOT}/../Podfile.lock\" \"${PODS_ROOT}/Manifest.lock\" > /dev/null\nif [[ $? != 0 ]] ; then\n    cat << EOM\nerror: The sandbox is not in sync with the Podfile.lock. Run 'pod install' or update your CocoaPods installation.\nEOM\n    exit 1\nfi\n";
			showEnvVarsInLog = 0;
		};
		D32BD4C81D73277E00397E39 /* [SwiftGen] Build resources */ = {
			isa = PBXShellScriptBuildPhase;
			buildActionMask = 2147483647;
			files = (
			);
			inputPaths = (
			);
			name = "[SwiftGen] Build resources";
			outputPaths = (
			);
			runOnlyForDeploymentPostprocessing = 0;
			shellPath = /bin/sh;
			shellScript = "if which swiftgen >/dev/null; then\nswiftgen images \"$PROJECT_DIR\" --output \"$PROJECT_DIR/FoursquareTop/Constants/Images.swift\"\nswiftgen strings \"$PROJECT_DIR/FoursquareTop/Base.lproj/Localizable.strings\" --output \"$PROJECT_DIR/FoursquareTop/Constants/Strings.swift\"\nswiftgen colors \"$PROJECT_DIR/FoursquareTop/colors.txt\" --output \"$PROJECT_DIR/FoursquareTop/Constants/Colors.swift\"\nswiftgen fonts \"$PROJECT_DIR\" --output \"$PROJECT_DIR/FoursquareTop/Constants/Fonts.swift\"\nelse\necho \"warning: SwiftGen not installed, download it from https://github.com/AliSoftware/SwiftGen\"\nfi";
		};
		F33F0CC5B1B63A6185C435EA /* [CP] Embed Pods Frameworks */ = {
			isa = PBXShellScriptBuildPhase;
			buildActionMask = 2147483647;
			files = (
			);
			inputPaths = (
			);
			name = "[CP] Embed Pods Frameworks";
			outputPaths = (
			);
			runOnlyForDeploymentPostprocessing = 0;
			shellPath = /bin/sh;
			shellScript = "\"${SRCROOT}/Pods/Target Support Files/Pods-FoursquareTopUITests/Pods-FoursquareTopUITests-frameworks.sh\"\n";
			showEnvVarsInLog = 0;
		};
		F6EAB9CD18594AD430A765BB /* [CP] Copy Pods Resources */ = {
			isa = PBXShellScriptBuildPhase;
			buildActionMask = 2147483647;
			files = (
			);
			inputPaths = (
			);
			name = "[CP] Copy Pods Resources";
			outputPaths = (
			);
			runOnlyForDeploymentPostprocessing = 0;
			shellPath = /bin/sh;
			shellScript = "\"${SRCROOT}/Pods/Target Support Files/Pods-FoursquareTop/Pods-FoursquareTop-resources.sh\"\n";
			showEnvVarsInLog = 0;
		};
/* End PBXShellScriptBuildPhase section */

/* Begin PBXSourcesBuildPhase section */
		D3B828AF1AD86F2300D60B6F /* Sources */ = {
			isa = PBXSourcesBuildPhase;
			buildActionMask = 2147483647;
			files = (
				D3E156451D243273001FB5BE /* TopVenueCollectionViewCell.swift in Sources */,
				D3DA9DBE1D734172000A42E4 /* VenuePhotoViewerViewController.swift in Sources */,
				D338EBC01D734BEB00EB2B53 /* VenueDetailActionsCellProvider.swift in Sources */,
				D3891C701D1FF4B1001858C8 /* BaseUI.swift in Sources */,
				D338EBC91D73552A00EB2B53 /* AppDelegateForTests.swift in Sources */,
				D3891C641D1FE993001858C8 /* VenueCategoryViewModel.swift in Sources */,
				D3891C6E1D1FF494001858C8 /* FTViewController.swift in Sources */,
				D35AFFF61D26AACF004E20EB /* VenueDetailActionsCollectionViewCell.swift in Sources */,
				D3891C7B1D1FF591001858C8 /* NSBundle+Nib.swift in Sources */,
				D338EBC21D734D1100EB2B53 /* VenueDetailInformationCellProvider.swift in Sources */,
				D3891C681D1FEA74001858C8 /* VenuePhotoViewModel.swift in Sources */,
				D3DBDE931D26B6FB00C63D68 /* VenueDetailInformationCollectionViewCell.swift in Sources */,
				D3F363BE1D7255B500D5288B /* VenueDetailPageViewController.swift in Sources */,
				D3E97AD41D25CB9B00FE4297 /* VenueDetailViewController.swift in Sources */,
				D3F363C01D72561A00D5288B /* VenueDetailPageViewControllerDataSource.swift in Sources */,
				D3F363C21D72565F00D5288B /* VenueDetailViewControllerProvider.swift in Sources */,
				D3891C571D1E7A18001858C8 /* BestVenuesAroundYouUI.swift in Sources */,
				D3891C591D1E7A27001858C8 /* BestVenuesAroundYouPresenter.swift in Sources */,
				D3E97AE91D25DB4700FE4297 /* GetVenueDetails.swift in Sources */,
				D3891C761D1FF56F001858C8 /* LoadingView.swift in Sources */,
				D3E97AAB1D246F7F00FE4297 /* BestVenuesAroundYouCollectionViewDataSource.swift in Sources */,
				D3DA9DB51D732D2F000A42E4 /* Colors.swift in Sources */,
				D3891C7F1D1FF5EB001858C8 /* ErrorView.swift in Sources */,
				D3F363B11D71EE1500D5288B /* GetUserLocationUseCase.swift in Sources */,
				D338EBB61D734A2B00EB2B53 /* VenueDetailCellProvider.swift in Sources */,
				D3E97AE11D25D73900FE4297 /* VenueNavigator.swift in Sources */,
				D3F363C41D7257E200D5288B /* Array+SafeAccess.swift in Sources */,
				D3E97ADF1D25D3EC00FE4297 /* VenueDetailCollectionViewDataSource.swift in Sources */,
				D35C012F1D7037F000D2F106 /* VenuePhraseViewModel.swift in Sources */,
				D3E97AD71D25CC3400FE4297 /* VenueDetailGalleryCollectionViewCell.swift in Sources */,
				D3891C531D1E7A08001858C8 /* BestVenuesAroundYouViewController.swift in Sources */,
				D3891C4B1D1E748A001858C8 /* ApplicationLifecycleTask.swift in Sources */,
				D3891C621D1FBE93001858C8 /* VenueListViewModel.swift in Sources */,
				D3E97ADD1D25D27200FE4297 /* VenueDetailPresenter.swift in Sources */,
				D3891C4E1D1E7525001858C8 /* FoursquareTopApplicationLifeCycleTasks.swift in Sources */,
				D3F363BA1D72436C00D5288B /* VenueDetailTitleView.swift in Sources */,
				D3891C731D1FF4EC001858C8 /* Presenter.swift in Sources */,
				D32BD4C31D73001B00397E39 /* Environment.swift in Sources */,
				D3891C411D1E6E41001858C8 /* RootNavigator.swift in Sources */,
				D3891C601D1E7E8C001858C8 /* VenueViewModel.swift in Sources */,
				D338EBC41D734D6E00EB2B53 /* VenueDetailTipCellProvider.swift in Sources */,
				D3E1563E1D24300D001FB5BE /* UIFont+Ftop.swift in Sources */,
				D3E97AAE1D24770600FE4297 /* UImage+Color.swift in Sources */,
				D3DA9DB71D732D2F000A42E4 /* Images.swift in Sources */,
				D3F363B41D71F0C300D5288B /* GPS.swift in Sources */,
				D3E97ADB1D25D23F00FE4297 /* VenueDetailUI.swift in Sources */,
				D3E97AE31D25D78200FE4297 /* VenueServiceLocator.swift in Sources */,
				D3E97AE61D25DA5900FE4297 /* GetBestPlacesAroundYou.swift in Sources */,
				D369CE521D6FB184006E13C8 /* VenueDetailNavigator.swift in Sources */,
				D338EBBE1D734B3D00EB2B53 /* UICollectionView+Register.swift in Sources */,
				D3F363B61D71F0CA00D5288B /* LocationRepository.swift in Sources */,
				D3891C781D1FF57A001858C8 /* CustomView.swift in Sources */,
				D3891C5D1D1E7B9A001858C8 /* VenueDataSource.swift in Sources */,
				D3891C431D1E6E49001858C8 /* RootServiceLocator.swift in Sources */,
				D338EBB91D734A7A00EB2B53 /* VenueDetailGalleryCellProvider.swift in Sources */,
				D3891C661D1FEA14001858C8 /* VenueTipViewModel.swift in Sources */,
				D3E156491D244042001FB5BE /* main.swift in Sources */,
				D3891C6B1D1FEAE3001858C8 /* VenueParser.swift in Sources */,
				D3CE1A3F1D706ED1003A0FEF /* VenueDetailTipCollectionViewCell.swift in Sources */,
				D338EBC71D73508F00EB2B53 /* MapSnapshotGenerator.swift in Sources */,
				D3E156321D2429A1001FB5BE /* VenueCategoryCollectionViewCell.swift in Sources */,
				D3F363B81D71F0E000D5288B /* IntuLocationManagerGPS.swift in Sources */,
				D3DBDE911D26B3C800C63D68 /* DetailCellType.swift in Sources */,
				D3DA9DB61D732D2F000A42E4 /* Fonts.swift in Sources */,
				D3DA9DB81D732D2F000A42E4 /* Strings.swift in Sources */,
				D3891C481D1E6FD1001858C8 /* AppDelegate.swift in Sources */,
				D3DA9DC11D7341E1000A42E4 /* VenuePhotoViewerPresenter.swift in Sources */,
			);
			runOnlyForDeploymentPostprocessing = 0;
		};
		D3B828C81AD86F2300D60B6F /* Sources */ = {
			isa = PBXSourcesBuildPhase;
			buildActionMask = 2147483647;
			files = (
				D338EBE71D735F3300EB2B53 /* StubGetVenueDetailsUseCase.swift in Sources */,
				D395DB861D73618300882A09 /* XCTestCase+KIF.swift in Sources */,
				D338EBDD1D7359B100EB2B53 /* StubVenueDetailNavigator.swift in Sources */,
				D395DB811D73614A00882A09 /* BaseUITestCase+Localized.swift in Sources */,
				D395DB871D73618500882A09 /* KifTestActor.swift in Sources */,
				D338EBDF1D735DF400EB2B53 /* StubEnvironment.swift in Sources */,
				D338EBE31D735E9E00EB2B53 /* StubGetUserLocationUseCase.swift in Sources */,
				D338EBE11D735DFC00EB2B53 /* StubMapSnapshotGenerator.swift in Sources */,
				D338EBDB1D7359A100EB2B53 /* StubVenueListNavigator.swift in Sources */,
				D338EBE51D735EFE00EB2B53 /* StubGetBestPlacesAroundYouUseCase.swift in Sources */,
				D338EBD11D7357B400EB2B53 /* TestingVenueServiceLocator.swift in Sources */,
				D338EBCD1D73571900EB2B53 /* BaseUITestCase.swift in Sources */,
			);
			runOnlyForDeploymentPostprocessing = 0;
		};
/* End PBXSourcesBuildPhase section */

/* Begin PBXTargetDependency section */
		D3B828CE1AD86F2300D60B6F /* PBXTargetDependency */ = {
			isa = PBXTargetDependency;
			target = D3B828B21AD86F2300D60B6F /* FoursquareTop */;
			targetProxy = D3B828CD1AD86F2300D60B6F /* PBXContainerItemProxy */;
		};
/* End PBXTargetDependency section */

/* Begin PBXVariantGroup section */
		D3B828C51AD86F2300D60B6F /* LaunchScreen.xib */ = {
			isa = PBXVariantGroup;
			children = (
				D3B828C61AD86F2300D60B6F /* Base */,
				D3DA9DB91D733088000A42E4 /* es */,
			);
			name = LaunchScreen.xib;
			sourceTree = "<group>";
		};
		D3DA9DAC1D7328CA000A42E4 /* Localizable.strings */ = {
			isa = PBXVariantGroup;
			children = (
				D3DA9DAB1D7328CA000A42E4 /* Base */,
				D3DA9DAD1D7328CB000A42E4 /* en */,
				D3DA9DBA1D733088000A42E4 /* es */,
			);
			name = Localizable.strings;
			sourceTree = "<group>";
		};
/* End PBXVariantGroup section */

/* Begin XCBuildConfiguration section */
		D3B828D41AD86F2300D60B6F /* Debug */ = {
			isa = XCBuildConfiguration;
			buildSettings = {
				ALWAYS_SEARCH_USER_PATHS = NO;
				CLANG_CXX_LANGUAGE_STANDARD = "gnu++0x";
				CLANG_CXX_LIBRARY = "libc++";
				CLANG_ENABLE_MODULES = YES;
				CLANG_ENABLE_OBJC_ARC = YES;
				CLANG_WARN_BOOL_CONVERSION = YES;
				CLANG_WARN_CONSTANT_CONVERSION = YES;
				CLANG_WARN_DIRECT_OBJC_ISA_USAGE = YES_ERROR;
				CLANG_WARN_EMPTY_BODY = YES;
				CLANG_WARN_ENUM_CONVERSION = YES;
				CLANG_WARN_INT_CONVERSION = YES;
				CLANG_WARN_OBJC_ROOT_CLASS = YES_ERROR;
				CLANG_WARN_UNREACHABLE_CODE = YES;
				CLANG_WARN__DUPLICATE_METHOD_MATCH = YES;
				"CODE_SIGN_IDENTITY[sdk=iphoneos*]" = "iPhone Developer";
				COPY_PHASE_STRIP = NO;
				DEBUG_INFORMATION_FORMAT = "dwarf-with-dsym";
				ENABLE_STRICT_OBJC_MSGSEND = YES;
				ENABLE_TESTABILITY = YES;
				GCC_C_LANGUAGE_STANDARD = gnu99;
				GCC_DYNAMIC_NO_PIC = NO;
				GCC_NO_COMMON_BLOCKS = YES;
				GCC_OPTIMIZATION_LEVEL = 0;
				GCC_PREPROCESSOR_DEFINITIONS = (
					"DEBUG=1",
					"$(inherited)",
				);
				GCC_SYMBOLS_PRIVATE_EXTERN = NO;
				GCC_WARN_64_TO_32_BIT_CONVERSION = YES;
				GCC_WARN_ABOUT_RETURN_TYPE = YES_ERROR;
				GCC_WARN_UNDECLARED_SELECTOR = YES;
				GCC_WARN_UNINITIALIZED_AUTOS = YES_AGGRESSIVE;
				GCC_WARN_UNUSED_FUNCTION = YES;
				GCC_WARN_UNUSED_VARIABLE = YES;
				IPHONEOS_DEPLOYMENT_TARGET = 9.3;
				MTL_ENABLE_DEBUG_INFO = YES;
				ONLY_ACTIVE_ARCH = YES;
				SDKROOT = iphoneos;
			};
			name = Debug;
		};
		D3B828D51AD86F2300D60B6F /* Release */ = {
			isa = XCBuildConfiguration;
			buildSettings = {
				ALWAYS_SEARCH_USER_PATHS = NO;
				CLANG_CXX_LANGUAGE_STANDARD = "gnu++0x";
				CLANG_CXX_LIBRARY = "libc++";
				CLANG_ENABLE_MODULES = YES;
				CLANG_ENABLE_OBJC_ARC = YES;
				CLANG_WARN_BOOL_CONVERSION = YES;
				CLANG_WARN_CONSTANT_CONVERSION = YES;
				CLANG_WARN_DIRECT_OBJC_ISA_USAGE = YES_ERROR;
				CLANG_WARN_EMPTY_BODY = YES;
				CLANG_WARN_ENUM_CONVERSION = YES;
				CLANG_WARN_INT_CONVERSION = YES;
				CLANG_WARN_OBJC_ROOT_CLASS = YES_ERROR;
				CLANG_WARN_UNREACHABLE_CODE = YES;
				CLANG_WARN__DUPLICATE_METHOD_MATCH = YES;
				"CODE_SIGN_IDENTITY[sdk=iphoneos*]" = "iPhone Developer";
				COPY_PHASE_STRIP = NO;
				DEBUG_INFORMATION_FORMAT = "dwarf-with-dsym";
				ENABLE_NS_ASSERTIONS = NO;
				ENABLE_STRICT_OBJC_MSGSEND = YES;
				GCC_C_LANGUAGE_STANDARD = gnu99;
				GCC_NO_COMMON_BLOCKS = YES;
				GCC_WARN_64_TO_32_BIT_CONVERSION = YES;
				GCC_WARN_ABOUT_RETURN_TYPE = YES_ERROR;
				GCC_WARN_UNDECLARED_SELECTOR = YES;
				GCC_WARN_UNINITIALIZED_AUTOS = YES_AGGRESSIVE;
				GCC_WARN_UNUSED_FUNCTION = YES;
				GCC_WARN_UNUSED_VARIABLE = YES;
				IPHONEOS_DEPLOYMENT_TARGET = 9.3;
				MTL_ENABLE_DEBUG_INFO = NO;
				SDKROOT = iphoneos;
				VALIDATE_PRODUCT = YES;
			};
			name = Release;
		};
		D3B828D71AD86F2300D60B6F /* Debug */ = {
			isa = XCBuildConfiguration;
			baseConfigurationReference = 8ECBF7D2AF1D6AD1177114F5 /* Pods-FoursquareTop.debug.xcconfig */;
			buildSettings = {
				ASSETCATALOG_COMPILER_APPICON_NAME = AppIcon;
				CLANG_ENABLE_MODULES = YES;
				INFOPLIST_FILE = FoursquareTop/Info.plist;
				IPHONEOS_DEPLOYMENT_TARGET = 9.3;
				LD_RUNPATH_SEARCH_PATHS = "$(inherited) @executable_path/Frameworks";
				PRODUCT_BUNDLE_IDENTIFIER = "KR.$(PRODUCT_NAME:rfc1034identifier)";
				PRODUCT_NAME = "$(TARGET_NAME)";
				SWIFT_OBJC_BRIDGING_HEADER = "FoursquareTop/FoursquareTop-Bridging-Header.h";
				SWIFT_OPTIMIZATION_LEVEL = "-Onone";
			};
			name = Debug;
		};
		D3B828D81AD86F2300D60B6F /* Release */ = {
			isa = XCBuildConfiguration;
			baseConfigurationReference = 1A6515A136A33C1C084D5FAD /* Pods-FoursquareTop.release.xcconfig */;
			buildSettings = {
				ASSETCATALOG_COMPILER_APPICON_NAME = AppIcon;
				CLANG_ENABLE_MODULES = YES;
				INFOPLIST_FILE = FoursquareTop/Info.plist;
				IPHONEOS_DEPLOYMENT_TARGET = 9.3;
				LD_RUNPATH_SEARCH_PATHS = "$(inherited) @executable_path/Frameworks";
				PRODUCT_BUNDLE_IDENTIFIER = "KR.$(PRODUCT_NAME:rfc1034identifier)";
				PRODUCT_NAME = "$(TARGET_NAME)";
				SWIFT_OBJC_BRIDGING_HEADER = "FoursquareTop/FoursquareTop-Bridging-Header.h";
			};
			name = Release;
		};
		D3B828DA1AD86F2300D60B6F /* Debug */ = {
			isa = XCBuildConfiguration;
			baseConfigurationReference = A2EB3C2091C3EE0EB8BE088B /* Pods-FoursquareTopUITests.debug.xcconfig */;
			buildSettings = {
				BUNDLE_LOADER = "$(TEST_HOST)";
				FRAMEWORK_SEARCH_PATHS = (
					"$(SDKROOT)/Developer/Library/Frameworks",
					"$(inherited)",
				);
				GCC_PREPROCESSOR_DEFINITIONS = (
					"DEBUG=1",
					"$(inherited)",
				);
				INFOPLIST_FILE = FoursquareTopTests/Info.plist;
				LD_RUNPATH_SEARCH_PATHS = "$(inherited) @executable_path/Frameworks @loader_path/Frameworks";
				PRODUCT_BUNDLE_IDENTIFIER = "KR.$(PRODUCT_NAME:rfc1034identifier)";
				PRODUCT_NAME = "$(TARGET_NAME)";
				TEST_HOST = "$(BUILT_PRODUCTS_DIR)/FoursquareTop.app/FoursquareTop";
			};
			name = Debug;
		};
		D3B828DB1AD86F2300D60B6F /* Release */ = {
			isa = XCBuildConfiguration;
			baseConfigurationReference = 465E128467B92594FDED88B0 /* Pods-FoursquareTopUITests.release.xcconfig */;
			buildSettings = {
				BUNDLE_LOADER = "$(TEST_HOST)";
				FRAMEWORK_SEARCH_PATHS = (
					"$(SDKROOT)/Developer/Library/Frameworks",
					"$(inherited)",
				);
				INFOPLIST_FILE = FoursquareTopTests/Info.plist;
				LD_RUNPATH_SEARCH_PATHS = "$(inherited) @executable_path/Frameworks @loader_path/Frameworks";
				PRODUCT_BUNDLE_IDENTIFIER = "KR.$(PRODUCT_NAME:rfc1034identifier)";
				PRODUCT_NAME = "$(TARGET_NAME)";
				TEST_HOST = "$(BUILT_PRODUCTS_DIR)/FoursquareTop.app/FoursquareTop";
			};
			name = Release;
		};
/* End XCBuildConfiguration section */

/* Begin XCConfigurationList section */
		D3B828AE1AD86F2300D60B6F /* Build configuration list for PBXProject "FoursquareTop" */ = {
			isa = XCConfigurationList;
			buildConfigurations = (
				D3B828D41AD86F2300D60B6F /* Debug */,
				D3B828D51AD86F2300D60B6F /* Release */,
			);
			defaultConfigurationIsVisible = 0;
			defaultConfigurationName = Release;
		};
		D3B828D61AD86F2300D60B6F /* Build configuration list for PBXNativeTarget "FoursquareTop" */ = {
			isa = XCConfigurationList;
			buildConfigurations = (
				D3B828D71AD86F2300D60B6F /* Debug */,
				D3B828D81AD86F2300D60B6F /* Release */,
			);
			defaultConfigurationIsVisible = 0;
			defaultConfigurationName = Release;
		};
		D3B828D91AD86F2300D60B6F /* Build configuration list for PBXNativeTarget "FoursquareTopUITests" */ = {
			isa = XCConfigurationList;
			buildConfigurations = (
				D3B828DA1AD86F2300D60B6F /* Debug */,
				D3B828DB1AD86F2300D60B6F /* Release */,
			);
			defaultConfigurationIsVisible = 0;
			defaultConfigurationName = Release;
		};
/* End XCConfigurationList section */
	};
	rootObject = D3B828AB1AD86F2300D60B6F /* Project object */;
}
